// !$*UTF8*$!
{
	archiveVersion = 1;
	classes = {
	};
	objectVersion = 46;
	objects = {

/* Begin PBXBuildFile section */
		70265C741C858AA50091C01F /* main.m in Sources */ = {isa = PBXBuildFile; fileRef = 70265C731C858AA50091C01F /* main.m */; };
		70265C771C858AA50091C01F /* AppDelegate.m in Sources */ = {isa = PBXBuildFile; fileRef = 70265C761C858AA50091C01F /* AppDelegate.m */; };
		70265C7F1C858AA50091C01F /* Assets.xcassets in Resources */ = {isa = PBXBuildFile; fileRef = 70265C7E1C858AA50091C01F /* Assets.xcassets */; };
		70265C821C858AA50091C01F /* LaunchScreen.storyboard in Resources */ = {isa = PBXBuildFile; fileRef = 70265C801C858AA50091C01F /* LaunchScreen.storyboard */; };
		70265C8D1C858AA50091C01F /* patientTests.m in Sources */ = {isa = PBXBuildFile; fileRef = 70265C8C1C858AA50091C01F /* patientTests.m */; };
		70265C981C858AA50091C01F /* patientUITests.m in Sources */ = {isa = PBXBuildFile; fileRef = 70265C971C858AA50091C01F /* patientUITests.m */; };
		70265CC11C8595720091C01F /* BaseNaviController.m in Sources */ = {isa = PBXBuildFile; fileRef = 70265CC01C8595720091C01F /* BaseNaviController.m */; };
		70265CC41C85958C0091C01F /* BaseTabBarController.m in Sources */ = {isa = PBXBuildFile; fileRef = 70265CC31C85958C0091C01F /* BaseTabBarController.m */; };
		702938FE1C8D16BE008280E2 /* UIColor+Extension.m in Sources */ = {isa = PBXBuildFile; fileRef = 702938FD1C8D16BE008280E2 /* UIColor+Extension.m */; };
		702939011C8D1754008280E2 /* UILabel+Extension.m in Sources */ = {isa = PBXBuildFile; fileRef = 702939001C8D1754008280E2 /* UILabel+Extension.m */; };
		702939041C8D177C008280E2 /* UITextField+Extension.m in Sources */ = {isa = PBXBuildFile; fileRef = 702939031C8D177C008280E2 /* UITextField+Extension.m */; };
		702939071C8D1795008280E2 /* UIImageView+Extension.m in Sources */ = {isa = PBXBuildFile; fileRef = 702939061C8D1795008280E2 /* UIImageView+Extension.m */; };
		7029390A1C8D17F3008280E2 /* UIButton+Extension.m in Sources */ = {isa = PBXBuildFile; fileRef = 702939091C8D17F3008280E2 /* UIButton+Extension.m */; };
		7029390D1C8D1809008280E2 /* UIBarButtonItem+Extension.m in Sources */ = {isa = PBXBuildFile; fileRef = 7029390C1C8D1809008280E2 /* UIBarButtonItem+Extension.m */; };
		702939101C8D184A008280E2 /* UIView+Extension.m in Sources */ = {isa = PBXBuildFile; fileRef = 7029390F1C8D184A008280E2 /* UIView+Extension.m */; };
		702939121C8D5C38008280E2 /* CoreLocation.framework in Frameworks */ = {isa = PBXBuildFile; fileRef = 702939111C8D5C38008280E2 /* CoreLocation.framework */; };
		702939151C8D5D83008280E2 /* LocationUtil.m in Sources */ = {isa = PBXBuildFile; fileRef = 702939141C8D5D83008280E2 /* LocationUtil.m */; };
		702939181C8E677B008280E2 /* AnalyticUtil.m in Sources */ = {isa = PBXBuildFile; fileRef = 702939171C8E677B008280E2 /* AnalyticUtil.m */; };
		702939581C8EC6F1008280E2 /* CFNetwork.framework in Frameworks */ = {isa = PBXBuildFile; fileRef = 702939571C8EC6F1008280E2 /* CFNetwork.framework */; };
		7029395A1C8EC6FB008280E2 /* CoreFoundation.framework in Frameworks */ = {isa = PBXBuildFile; fileRef = 702939591C8EC6FB008280E2 /* CoreFoundation.framework */; };
		7029395C1C8EC706008280E2 /* CoreTelephony.framework in Frameworks */ = {isa = PBXBuildFile; fileRef = 7029395B1C8EC706008280E2 /* CoreTelephony.framework */; };
		7029395E1C8EC70F008280E2 /* SystemConfiguration.framework in Frameworks */ = {isa = PBXBuildFile; fileRef = 7029395D1C8EC70F008280E2 /* SystemConfiguration.framework */; };
		702939601C8EC718008280E2 /* CoreGraphics.framework in Frameworks */ = {isa = PBXBuildFile; fileRef = 7029395F1C8EC718008280E2 /* CoreGraphics.framework */; };
		702939621C8EC723008280E2 /* Foundation.framework in Frameworks */ = {isa = PBXBuildFile; fileRef = 702939611C8EC723008280E2 /* Foundation.framework */; };
		702939641C8EC72C008280E2 /* UIKit.framework in Frameworks */ = {isa = PBXBuildFile; fileRef = 702939631C8EC72C008280E2 /* UIKit.framework */; };
		702939661C8EC736008280E2 /* Security.framework in Frameworks */ = {isa = PBXBuildFile; fileRef = 702939651C8EC735008280E2 /* Security.framework */; };
		702939681C8EC73F008280E2 /* libz.tbd in Frameworks */ = {isa = PBXBuildFile; fileRef = 702939671C8EC73F008280E2 /* libz.tbd */; };
		702939741C916D21008280E2 /* GuideViewController.m in Sources */ = {isa = PBXBuildFile; fileRef = 702939731C916D21008280E2 /* GuideViewController.m */; };
		702939861C9271EC008280E2 /* jpush-ios-2.1.0.a in Frameworks */ = {isa = PBXBuildFile; fileRef = 702939841C9271EC008280E2 /* jpush-ios-2.1.0.a */; };
		702939891C9273C4008280E2 /* InfoViewController.m in Sources */ = {isa = PBXBuildFile; fileRef = 702939881C9273C4008280E2 /* InfoViewController.m */; };
		7029398F1C9273E4008280E2 /* SearchViewController.m in Sources */ = {isa = PBXBuildFile; fileRef = 7029398E1C9273E4008280E2 /* SearchViewController.m */; };
		702939921C9273FA008280E2 /* MineViewController.m in Sources */ = {isa = PBXBuildFile; fileRef = 702939911C9273FA008280E2 /* MineViewController.m */; };
		7046AC6D1C974C5100BB6818 /* HealthTableCell.m in Sources */ = {isa = PBXBuildFile; fileRef = 7046AC6B1C974C5100BB6818 /* HealthTableCell.m */; };
		7046AC6E1C974C5100BB6818 /* HealthTableCell.xib in Resources */ = {isa = PBXBuildFile; fileRef = 7046AC6C1C974C5100BB6818 /* HealthTableCell.xib */; };
		7046AC721C974C7E00BB6818 /* StudioTableCell.m in Sources */ = {isa = PBXBuildFile; fileRef = 7046AC701C974C7E00BB6818 /* StudioTableCell.m */; };
		7046AC731C974C7E00BB6818 /* StudioTableCell.xib in Resources */ = {isa = PBXBuildFile; fileRef = 7046AC711C974C7E00BB6818 /* StudioTableCell.xib */; };
		7046AC771C974C9F00BB6818 /* PersonTableCell.m in Sources */ = {isa = PBXBuildFile; fileRef = 7046AC751C974C9F00BB6818 /* PersonTableCell.m */; };
		7046AC781C974C9F00BB6818 /* PersonTableCell.xib in Resources */ = {isa = PBXBuildFile; fileRef = 7046AC761C974C9F00BB6818 /* PersonTableCell.xib */; };
		7046AC7C1C97640A00BB6818 /* DiseaseTableCell.m in Sources */ = {isa = PBXBuildFile; fileRef = 7046AC7A1C97640A00BB6818 /* DiseaseTableCell.m */; };
		7046AC7D1C97640A00BB6818 /* DiseaseTableCell.xib in Resources */ = {isa = PBXBuildFile; fileRef = 7046AC7B1C97640A00BB6818 /* DiseaseTableCell.xib */; };
		7046AD141C97E5D700BB6818 /* cell_disease_fuke_button.png in Resources */ = {isa = PBXBuildFile; fileRef = 7046ACF41C97E5D700BB6818 /* cell_disease_fuke_button.png */; };
		7046AD151C97E5D700BB6818 /* cell_disease_guomin_button.png in Resources */ = {isa = PBXBuildFile; fileRef = 7046ACF51C97E5D700BB6818 /* cell_disease_guomin_button.png */; };
		7046AD161C97E5D700BB6818 /* cell_disease_laotou_button.png in Resources */ = {isa = PBXBuildFile; fileRef = 7046ACF61C97E5D700BB6818 /* cell_disease_laotou_button.png */; };
		7046AD171C97E5D700BB6818 /* cell_disease_nanke_button.png in Resources */ = {isa = PBXBuildFile; fileRef = 7046ACF71C97E5D700BB6818 /* cell_disease_nanke_button.png */; };
		7046AD181C97E5D700BB6818 /* cell_disease_pifuke_button.png in Resources */ = {isa = PBXBuildFile; fileRef = 7046ACF81C97E5D700BB6818 /* cell_disease_pifuke_button.png */; };
		7046AD191C97E5D700BB6818 /* cell_disease_yinanzazheng_button.png in Resources */ = {isa = PBXBuildFile; fileRef = 7046ACF91C97E5D700BB6818 /* cell_disease_yinanzazheng_button.png */; };
		7046AD1A1C97E5D700BB6818 /* cell_health_main_button.png in Resources */ = {isa = PBXBuildFile; fileRef = 7046ACFA1C97E5D700BB6818 /* cell_health_main_button.png */; };
		7046AD1B1C97E5D700BB6818 /* cell_health_more_button.png in Resources */ = {isa = PBXBuildFile; fileRef = 7046ACFB1C97E5D700BB6818 /* cell_health_more_button.png */; };
		7046AD1C1C97E5D700BB6818 /* cell_health_title_button.png in Resources */ = {isa = PBXBuildFile; fileRef = 7046ACFC1C97E5D700BB6818 /* cell_health_title_button.png */; };
		7046AD1D1C97E5D700BB6818 /* cell_person_hejiazhen_button.png in Resources */ = {isa = PBXBuildFile; fileRef = 7046ACFD1C97E5D700BB6818 /* cell_person_hejiazhen_button.png */; };
		7046AD1E1C97E5D700BB6818 /* cell_person_more_button.png in Resources */ = {isa = PBXBuildFile; fileRef = 7046ACFE1C97E5D700BB6818 /* cell_person_more_button.png */; };
		7046AD1F1C97E5D700BB6818 /* cell_person_songshihua_button.png in Resources */ = {isa = PBXBuildFile; fileRef = 7046ACFF1C97E5D700BB6818 /* cell_person_songshihua_button.png */; };
		7046AD201C97E5D700BB6818 /* cell_person_youweiping_button.png in Resources */ = {isa = PBXBuildFile; fileRef = 7046AD001C97E5D700BB6818 /* cell_person_youweiping_button.png */; };
		7046AD211C97E5D700BB6818 /* cell_studio_main_button.png in Resources */ = {isa = PBXBuildFile; fileRef = 7046AD011C97E5D700BB6818 /* cell_studio_main_button.png */; };
		7046AD221C97E5D700BB6818 /* cell_studio_more_button.png in Resources */ = {isa = PBXBuildFile; fileRef = 7046AD021C97E5D700BB6818 /* cell_studio_more_button.png */; };
		7046AD231C97E5D700BB6818 /* cell_studio_title_button.png in Resources */ = {isa = PBXBuildFile; fileRef = 7046AD031C97E5D700BB6818 /* cell_studio_title_button.png */; };
		7046AD241C97E5D700BB6818 /* guideview1.jpg in Resources */ = {isa = PBXBuildFile; fileRef = 7046AD041C97E5D700BB6818 /* guideview1.jpg */; };
		7046AD251C97E5D700BB6818 /* guideview2.jpg in Resources */ = {isa = PBXBuildFile; fileRef = 7046AD051C97E5D700BB6818 /* guideview2.jpg */; };
		7046AD261C97E5D700BB6818 /* guideview3.jpg in Resources */ = {isa = PBXBuildFile; fileRef = 7046AD061C97E5D700BB6818 /* guideview3.jpg */; };
		7046AD271C97E5D700BB6818 /* info_scrollview1.jpg in Resources */ = {isa = PBXBuildFile; fileRef = 7046AD071C97E5D700BB6818 /* info_scrollview1.jpg */; };
		7046AD281C97E5D700BB6818 /* info_scrollview2.jpg in Resources */ = {isa = PBXBuildFile; fileRef = 7046AD081C97E5D700BB6818 /* info_scrollview2.jpg */; };
		7046AD291C97E5D700BB6818 /* info_scrollview3.jpg in Resources */ = {isa = PBXBuildFile; fileRef = 7046AD091C97E5D700BB6818 /* info_scrollview3.jpg */; };
		7046AD2A1C97E5D700BB6818 /* navbar_left_item.png in Resources */ = {isa = PBXBuildFile; fileRef = 7046AD0A1C97E5D700BB6818 /* navbar_left_item.png */; };
		7046AD2B1C97E5D700BB6818 /* navbar_right_item.png in Resources */ = {isa = PBXBuildFile; fileRef = 7046AD0B1C97E5D700BB6818 /* navbar_right_item.png */; };
		7046AD2C1C97E5D700BB6818 /* tabbar_info_normal.png in Resources */ = {isa = PBXBuildFile; fileRef = 7046AD0C1C97E5D700BB6818 /* tabbar_info_normal.png */; };
		7046AD2D1C97E5D700BB6818 /* tabbar_info_selected.png in Resources */ = {isa = PBXBuildFile; fileRef = 7046AD0D1C97E5D700BB6818 /* tabbar_info_selected.png */; };
		7046AD2E1C97E5D700BB6818 /* tabbar_mine_normal.png in Resources */ = {isa = PBXBuildFile; fileRef = 7046AD0E1C97E5D700BB6818 /* tabbar_mine_normal.png */; };
		7046AD2F1C97E5D700BB6818 /* tabbar_mine_selected.png in Resources */ = {isa = PBXBuildFile; fileRef = 7046AD0F1C97E5D700BB6818 /* tabbar_mine_selected.png */; };
		7046AD301C97E5D700BB6818 /* tabbar_search_normal.png in Resources */ = {isa = PBXBuildFile; fileRef = 7046AD101C97E5D700BB6818 /* tabbar_search_normal.png */; };
		7046AD311C97E5D700BB6818 /* tabbar_search_selected.png in Resources */ = {isa = PBXBuildFile; fileRef = 7046AD111C97E5D700BB6818 /* tabbar_search_selected.png */; };
		7046AD321C97E5D700BB6818 /* tabbar_test_normal.png in Resources */ = {isa = PBXBuildFile; fileRef = 7046AD121C97E5D700BB6818 /* tabbar_test_normal.png */; };
		7046AD331C97E5D700BB6818 /* tabbar_test_selected.png in Resources */ = {isa = PBXBuildFile; fileRef = 7046AD131C97E5D700BB6818 /* tabbar_test_selected.png */; };
		7046AD371C97E8D300BB6818 /* launchimage.jpg in Resources */ = {isa = PBXBuildFile; fileRef = 7046AD361C97E8D300BB6818 /* launchimage.jpg */; };
		7046AD3A1C98107F00BB6818 /* ScanViewController.m in Sources */ = {isa = PBXBuildFile; fileRef = 7046AD391C98107F00BB6818 /* ScanViewController.m */; };
		7046AD521C9869A400BB6818 /* scan_back_image.png in Resources */ = {isa = PBXBuildFile; fileRef = 7046AD501C9869A400BB6818 /* scan_back_image.png */; };
		7046AD531C9869A400BB6818 /* scan_line_image.png in Resources */ = {isa = PBXBuildFile; fileRef = 7046AD511C9869A400BB6818 /* scan_line_image.png */; };
		7046AD5F1C99902500BB6818 /* TestViewController.m in Sources */ = {isa = PBXBuildFile; fileRef = 7046AD5E1C99902500BB6818 /* TestViewController.m */; };
		7046AD641C9998FC00BB6818 /* navbar_background_image.png in Resources */ = {isa = PBXBuildFile; fileRef = 7046AD631C9998FC00BB6818 /* navbar_background_image.png */; };
		7046AD6A1C99C42E00BB6818 /* YJSegmentedControl.m in Sources */ = {isa = PBXBuildFile; fileRef = 7046AD691C99C42E00BB6818 /* YJSegmentedControl.m */; };
		7046AD711C9A426100BB6818 /* login_confirm_login_normal.png in Resources */ = {isa = PBXBuildFile; fileRef = 7046AD6B1C9A426100BB6818 /* login_confirm_login_normal.png */; };
		7046AD731C9A426100BB6818 /* login_get_captcha_button.png in Resources */ = {isa = PBXBuildFile; fileRef = 7046AD6D1C9A426100BB6818 /* login_get_captcha_button.png */; };
		7046AD741C9A426100BB6818 /* login_third_login_qq.png in Resources */ = {isa = PBXBuildFile; fileRef = 7046AD6E1C9A426100BB6818 /* login_third_login_qq.png */; };
		7046AD751C9A426100BB6818 /* login_third_login_weibo.png in Resources */ = {isa = PBXBuildFile; fileRef = 7046AD6F1C9A426100BB6818 /* login_third_login_weibo.png */; };
		7046AD761C9A426100BB6818 /* login_third_login_weixin.png in Resources */ = {isa = PBXBuildFile; fileRef = 7046AD701C9A426100BB6818 /* login_third_login_weixin.png */; };
		7046AD781C9A481C00BB6818 /* login_confirm_login_selected.png in Resources */ = {isa = PBXBuildFile; fileRef = 7046AD771C9A481C00BB6818 /* login_confirm_login_selected.png */; };
		7046AD7B1C9A5CAE00BB6818 /* AgreementViewController.m in Sources */ = {isa = PBXBuildFile; fileRef = 7046AD7A1C9A5CAE00BB6818 /* AgreementViewController.m */; };
		7046AD7F1C9BD29200BB6818 /* LoginModel.m in Sources */ = {isa = PBXBuildFile; fileRef = 7046AD7E1C9BD29200BB6818 /* LoginModel.m */; };
		7046AD881C9F1D2900BB6818 /* LoginRequestDelegate.m in Sources */ = {isa = PBXBuildFile; fileRef = 7046AD871C9F1D2900BB6818 /* LoginRequestDelegate.m */; };
		7046AD8A1C9F1FAC00BB6818 /* LoginViewController.m in Sources */ = {isa = PBXBuildFile; fileRef = 7046AD891C9F1FAC00BB6818 /* LoginViewController.m */; };
		7046ADA21CA0168500BB6818 /* cell_person_title_button.png in Resources */ = {isa = PBXBuildFile; fileRef = 7046ADA11CA0168500BB6818 /* cell_person_title_button.png */; };
		707E5B851C9653CF00101B30 /* BaseTableViewCell.m in Sources */ = {isa = PBXBuildFile; fileRef = 707E5B841C9653CF00101B30 /* BaseTableViewCell.m */; };
		707E5B881C9653FA00101B30 /* BaseView.m in Sources */ = {isa = PBXBuildFile; fileRef = 707E5B871C9653FA00101B30 /* BaseView.m */; };
		707E5B8E1C96545700101B30 /* BaseColletionViewCell.m in Sources */ = {isa = PBXBuildFile; fileRef = 707E5B8D1C96545700101B30 /* BaseColletionViewCell.m */; };
		707E5B911C965F7900101B30 /* BaseTableView.m in Sources */ = {isa = PBXBuildFile; fileRef = 707E5B901C965F7900101B30 /* BaseTableView.m */; };
		707E5B941C965F9B00101B30 /* BaseCollectionView.m in Sources */ = {isa = PBXBuildFile; fileRef = 707E5B931C965F9B00101B30 /* BaseCollectionView.m */; };
		707E5B971C9662BD00101B30 /* BaseTableViewController.m in Sources */ = {isa = PBXBuildFile; fileRef = 707E5B961C9662BD00101B30 /* BaseTableViewController.m */; };
		707E5B9A1C9662EB00101B30 /* BaseCollectionViewController.m in Sources */ = {isa = PBXBuildFile; fileRef = 707E5B991C9662EB00101B30 /* BaseCollectionViewController.m */; };
		707E5BB91C96A67E00101B30 /* InfoHeaderView.m in Sources */ = {isa = PBXBuildFile; fileRef = 707E5BB81C96A67E00101B30 /* InfoHeaderView.m */; };
		707E5BBC1C96C01B00101B30 /* DiseaseData.m in Sources */ = {isa = PBXBuildFile; fileRef = 707E5BBB1C96C01B00101B30 /* DiseaseData.m */; };
		707E5BBF1C96C02D00101B30 /* HealthData.m in Sources */ = {isa = PBXBuildFile; fileRef = 707E5BBE1C96C02D00101B30 /* HealthData.m */; };
		707E5BC21C96C03A00101B30 /* StudioData.m in Sources */ = {isa = PBXBuildFile; fileRef = 707E5BC11C96C03A00101B30 /* StudioData.m */; };
		707E5BC51C96C04D00101B30 /* PersonData.m in Sources */ = {isa = PBXBuildFile; fileRef = 707E5BC41C96C04D00101B30 /* PersonData.m */; };
		70A9BD161C8686930035B5E0 /* BaseViewController.m in Sources */ = {isa = PBXBuildFile; fileRef = 70A9BD151C8686930035B5E0 /* BaseViewController.m */; };
		70A9BD251C87C9D90035B5E0 /* NetworkUtil.m in Sources */ = {isa = PBXBuildFile; fileRef = 70A9BD241C87C9D90035B5E0 /* NetworkUtil.m */; };
		70A9BD281C87D9DE0035B5E0 /* NetworkMonitorUtil.m in Sources */ = {isa = PBXBuildFile; fileRef = 70A9BD271C87D9DE0035B5E0 /* NetworkMonitorUtil.m */; };
		70A9BD2B1C87FF320035B5E0 /* CommonUtil.m in Sources */ = {isa = PBXBuildFile; fileRef = 70A9BD2A1C87FF320035B5E0 /* CommonUtil.m */; };
		70A9BD2E1C87FFD00035B5E0 /* AlertUtil.m in Sources */ = {isa = PBXBuildFile; fileRef = 70A9BD2D1C87FFD00035B5E0 /* AlertUtil.m */; };
		70A9BD311C87FFDD0035B5E0 /* HudUtil.m in Sources */ = {isa = PBXBuildFile; fileRef = 70A9BD301C87FFDD0035B5E0 /* HudUtil.m */; };
		70A9BD341C8800A20035B5E0 /* DateUtil.m in Sources */ = {isa = PBXBuildFile; fileRef = 70A9BD331C8800A20035B5E0 /* DateUtil.m */; };
		70A9BD371C88017D0035B5E0 /* AdaptionUtil.m in Sources */ = {isa = PBXBuildFile; fileRef = 70A9BD361C88017D0035B5E0 /* AdaptionUtil.m */; };
		70A9BD3A1C8801A00035B5E0 /* EncyptionUtil.m in Sources */ = {isa = PBXBuildFile; fileRef = 70A9BD391C88019F0035B5E0 /* EncyptionUtil.m */; };
		70A9BD3E1C8809160035B5E0 /* GTMBase64.m in Sources */ = {isa = PBXBuildFile; fileRef = 70A9BD3C1C8809160035B5E0 /* GTMBase64.m */; };
		D3124DFAA46975EB9B4563C1 /* libPods.a in Frameworks */ = {isa = PBXBuildFile; fileRef = B22389C9580CCA6DA815ABF9 /* libPods.a */; };
/* End PBXBuildFile section */

/* Begin PBXContainerItemProxy section */
		70265C891C858AA50091C01F /* PBXContainerItemProxy */ = {
			isa = PBXContainerItemProxy;
			containerPortal = 70265C671C858AA50091C01F /* Project object */;
			proxyType = 1;
			remoteGlobalIDString = 70265C6E1C858AA50091C01F;
			remoteInfo = patient;
		};
		70265C941C858AA50091C01F /* PBXContainerItemProxy */ = {
			isa = PBXContainerItemProxy;
			containerPortal = 70265C671C858AA50091C01F /* Project object */;
			proxyType = 1;
			remoteGlobalIDString = 70265C6E1C858AA50091C01F;
			remoteInfo = patient;
		};
/* End PBXContainerItemProxy section */

/* Begin PBXFileReference section */
		44E7BFAA0341B176F5A14DA8 /* Pods.debug.xcconfig */ = {isa = PBXFileReference; includeInIndex = 1; lastKnownFileType = text.xcconfig; name = Pods.debug.xcconfig; path = "Pods/Target Support Files/Pods/Pods.debug.xcconfig"; sourceTree = "<group>"; };
		70265C6F1C858AA50091C01F /* patient.app */ = {isa = PBXFileReference; explicitFileType = wrapper.application; includeInIndex = 0; path = patient.app; sourceTree = BUILT_PRODUCTS_DIR; };
		70265C731C858AA50091C01F /* main.m */ = {isa = PBXFileReference; lastKnownFileType = sourcecode.c.objc; path = main.m; sourceTree = "<group>"; };
		70265C751C858AA50091C01F /* AppDelegate.h */ = {isa = PBXFileReference; lastKnownFileType = sourcecode.c.h; path = AppDelegate.h; sourceTree = "<group>"; };
		70265C761C858AA50091C01F /* AppDelegate.m */ = {isa = PBXFileReference; lastKnownFileType = sourcecode.c.objc; path = AppDelegate.m; sourceTree = "<group>"; };
		70265C7E1C858AA50091C01F /* Assets.xcassets */ = {isa = PBXFileReference; lastKnownFileType = folder.assetcatalog; path = Assets.xcassets; sourceTree = "<group>"; };
		70265C811C858AA50091C01F /* Base */ = {isa = PBXFileReference; lastKnownFileType = file.storyboard; name = Base; path = Base.lproj/LaunchScreen.storyboard; sourceTree = "<group>"; };
		70265C831C858AA50091C01F /* Info.plist */ = {isa = PBXFileReference; lastKnownFileType = text.plist.xml; path = Info.plist; sourceTree = "<group>"; };
		70265C881C858AA50091C01F /* patientTests.xctest */ = {isa = PBXFileReference; explicitFileType = wrapper.cfbundle; includeInIndex = 0; path = patientTests.xctest; sourceTree = BUILT_PRODUCTS_DIR; };
		70265C8C1C858AA50091C01F /* patientTests.m */ = {isa = PBXFileReference; lastKnownFileType = sourcecode.c.objc; path = patientTests.m; sourceTree = "<group>"; };
		70265C8E1C858AA50091C01F /* Info.plist */ = {isa = PBXFileReference; lastKnownFileType = text.plist.xml; path = Info.plist; sourceTree = "<group>"; };
		70265C931C858AA50091C01F /* patientUITests.xctest */ = {isa = PBXFileReference; explicitFileType = wrapper.cfbundle; includeInIndex = 0; path = patientUITests.xctest; sourceTree = BUILT_PRODUCTS_DIR; };
		70265C971C858AA50091C01F /* patientUITests.m */ = {isa = PBXFileReference; lastKnownFileType = sourcecode.c.objc; path = patientUITests.m; sourceTree = "<group>"; };
		70265C991C858AA50091C01F /* Info.plist */ = {isa = PBXFileReference; lastKnownFileType = text.plist.xml; path = Info.plist; sourceTree = "<group>"; };
		70265CBF1C8595720091C01F /* BaseNaviController.h */ = {isa = PBXFileReference; fileEncoding = 4; lastKnownFileType = sourcecode.c.h; path = BaseNaviController.h; sourceTree = "<group>"; };
		70265CC01C8595720091C01F /* BaseNaviController.m */ = {isa = PBXFileReference; fileEncoding = 4; lastKnownFileType = sourcecode.c.objc; path = BaseNaviController.m; sourceTree = "<group>"; };
		70265CC21C85958C0091C01F /* BaseTabBarController.h */ = {isa = PBXFileReference; fileEncoding = 4; lastKnownFileType = sourcecode.c.h; path = BaseTabBarController.h; sourceTree = "<group>"; };
		70265CC31C85958C0091C01F /* BaseTabBarController.m */ = {isa = PBXFileReference; fileEncoding = 4; lastKnownFileType = sourcecode.c.objc; path = BaseTabBarController.m; sourceTree = "<group>"; };
		702938FC1C8D16BE008280E2 /* UIColor+Extension.h */ = {isa = PBXFileReference; fileEncoding = 4; lastKnownFileType = sourcecode.c.h; path = "UIColor+Extension.h"; sourceTree = "<group>"; };
		702938FD1C8D16BE008280E2 /* UIColor+Extension.m */ = {isa = PBXFileReference; fileEncoding = 4; lastKnownFileType = sourcecode.c.objc; path = "UIColor+Extension.m"; sourceTree = "<group>"; };
		702938FF1C8D1754008280E2 /* UILabel+Extension.h */ = {isa = PBXFileReference; fileEncoding = 4; lastKnownFileType = sourcecode.c.h; path = "UILabel+Extension.h"; sourceTree = "<group>"; };
		702939001C8D1754008280E2 /* UILabel+Extension.m */ = {isa = PBXFileReference; fileEncoding = 4; lastKnownFileType = sourcecode.c.objc; path = "UILabel+Extension.m"; sourceTree = "<group>"; };
		702939021C8D177C008280E2 /* UITextField+Extension.h */ = {isa = PBXFileReference; fileEncoding = 4; lastKnownFileType = sourcecode.c.h; path = "UITextField+Extension.h"; sourceTree = "<group>"; };
		702939031C8D177C008280E2 /* UITextField+Extension.m */ = {isa = PBXFileReference; fileEncoding = 4; lastKnownFileType = sourcecode.c.objc; path = "UITextField+Extension.m"; sourceTree = "<group>"; };
		702939051C8D1795008280E2 /* UIImageView+Extension.h */ = {isa = PBXFileReference; fileEncoding = 4; lastKnownFileType = sourcecode.c.h; path = "UIImageView+Extension.h"; sourceTree = "<group>"; };
		702939061C8D1795008280E2 /* UIImageView+Extension.m */ = {isa = PBXFileReference; fileEncoding = 4; lastKnownFileType = sourcecode.c.objc; path = "UIImageView+Extension.m"; sourceTree = "<group>"; };
		702939081C8D17F3008280E2 /* UIButton+Extension.h */ = {isa = PBXFileReference; fileEncoding = 4; lastKnownFileType = sourcecode.c.h; path = "UIButton+Extension.h"; sourceTree = "<group>"; };
		702939091C8D17F3008280E2 /* UIButton+Extension.m */ = {isa = PBXFileReference; fileEncoding = 4; lastKnownFileType = sourcecode.c.objc; path = "UIButton+Extension.m"; sourceTree = "<group>"; };
		7029390B1C8D1809008280E2 /* UIBarButtonItem+Extension.h */ = {isa = PBXFileReference; fileEncoding = 4; lastKnownFileType = sourcecode.c.h; path = "UIBarButtonItem+Extension.h"; sourceTree = "<group>"; };
		7029390C1C8D1809008280E2 /* UIBarButtonItem+Extension.m */ = {isa = PBXFileReference; fileEncoding = 4; lastKnownFileType = sourcecode.c.objc; path = "UIBarButtonItem+Extension.m"; sourceTree = "<group>"; };
		7029390E1C8D184A008280E2 /* UIView+Extension.h */ = {isa = PBXFileReference; fileEncoding = 4; lastKnownFileType = sourcecode.c.h; path = "UIView+Extension.h"; sourceTree = "<group>"; };
		7029390F1C8D184A008280E2 /* UIView+Extension.m */ = {isa = PBXFileReference; fileEncoding = 4; lastKnownFileType = sourcecode.c.objc; path = "UIView+Extension.m"; sourceTree = "<group>"; };
		702939111C8D5C38008280E2 /* CoreLocation.framework */ = {isa = PBXFileReference; lastKnownFileType = wrapper.framework; name = CoreLocation.framework; path = System/Library/Frameworks/CoreLocation.framework; sourceTree = SDKROOT; };
		702939131C8D5D83008280E2 /* LocationUtil.h */ = {isa = PBXFileReference; fileEncoding = 4; lastKnownFileType = sourcecode.c.h; path = LocationUtil.h; sourceTree = "<group>"; };
		702939141C8D5D83008280E2 /* LocationUtil.m */ = {isa = PBXFileReference; fileEncoding = 4; lastKnownFileType = sourcecode.c.objc; path = LocationUtil.m; sourceTree = "<group>"; };
		702939161C8E677B008280E2 /* AnalyticUtil.h */ = {isa = PBXFileReference; fileEncoding = 4; lastKnownFileType = sourcecode.c.h; path = AnalyticUtil.h; sourceTree = "<group>"; };
		702939171C8E677B008280E2 /* AnalyticUtil.m */ = {isa = PBXFileReference; fileEncoding = 4; lastKnownFileType = sourcecode.c.objc; path = AnalyticUtil.m; sourceTree = "<group>"; };
		702939191C8E9774008280E2 /* jpush-ios-2.1.0.a */ = {isa = PBXFileReference; lastKnownFileType = archive.ar; name = "jpush-ios-2.1.0.a"; path = "Pods/JPush-iOS-SDK/lib/jpush-ios-2.1.0.a"; sourceTree = "<group>"; };
		702939571C8EC6F1008280E2 /* CFNetwork.framework */ = {isa = PBXFileReference; lastKnownFileType = wrapper.framework; name = CFNetwork.framework; path = System/Library/Frameworks/CFNetwork.framework; sourceTree = SDKROOT; };
		702939591C8EC6FB008280E2 /* CoreFoundation.framework */ = {isa = PBXFileReference; lastKnownFileType = wrapper.framework; name = CoreFoundation.framework; path = System/Library/Frameworks/CoreFoundation.framework; sourceTree = SDKROOT; };
		7029395B1C8EC706008280E2 /* CoreTelephony.framework */ = {isa = PBXFileReference; lastKnownFileType = wrapper.framework; name = CoreTelephony.framework; path = System/Library/Frameworks/CoreTelephony.framework; sourceTree = SDKROOT; };
		7029395D1C8EC70F008280E2 /* SystemConfiguration.framework */ = {isa = PBXFileReference; lastKnownFileType = wrapper.framework; name = SystemConfiguration.framework; path = System/Library/Frameworks/SystemConfiguration.framework; sourceTree = SDKROOT; };
		7029395F1C8EC718008280E2 /* CoreGraphics.framework */ = {isa = PBXFileReference; lastKnownFileType = wrapper.framework; name = CoreGraphics.framework; path = System/Library/Frameworks/CoreGraphics.framework; sourceTree = SDKROOT; };
		702939611C8EC723008280E2 /* Foundation.framework */ = {isa = PBXFileReference; lastKnownFileType = wrapper.framework; name = Foundation.framework; path = System/Library/Frameworks/Foundation.framework; sourceTree = SDKROOT; };
		702939631C8EC72C008280E2 /* UIKit.framework */ = {isa = PBXFileReference; lastKnownFileType = wrapper.framework; name = UIKit.framework; path = System/Library/Frameworks/UIKit.framework; sourceTree = SDKROOT; };
		702939651C8EC735008280E2 /* Security.framework */ = {isa = PBXFileReference; lastKnownFileType = wrapper.framework; name = Security.framework; path = System/Library/Frameworks/Security.framework; sourceTree = SDKROOT; };
		702939671C8EC73F008280E2 /* libz.tbd */ = {isa = PBXFileReference; lastKnownFileType = "sourcecode.text-based-dylib-definition"; name = libz.tbd; path = usr/lib/libz.tbd; sourceTree = SDKROOT; };
		702939721C916D21008280E2 /* GuideViewController.h */ = {isa = PBXFileReference; fileEncoding = 4; lastKnownFileType = sourcecode.c.h; path = GuideViewController.h; sourceTree = "<group>"; };
		702939731C916D21008280E2 /* GuideViewController.m */ = {isa = PBXFileReference; fileEncoding = 4; lastKnownFileType = sourcecode.c.objc; path = GuideViewController.m; sourceTree = "<group>"; };
		702939841C9271EC008280E2 /* jpush-ios-2.1.0.a */ = {isa = PBXFileReference; lastKnownFileType = archive.ar; path = "jpush-ios-2.1.0.a"; sourceTree = "<group>"; };
		702939851C9271EC008280E2 /* JPUSHService.h */ = {isa = PBXFileReference; fileEncoding = 4; lastKnownFileType = sourcecode.c.h; path = JPUSHService.h; sourceTree = "<group>"; };
		702939871C9273C4008280E2 /* InfoViewController.h */ = {isa = PBXFileReference; fileEncoding = 4; lastKnownFileType = sourcecode.c.h; path = InfoViewController.h; sourceTree = "<group>"; };
		702939881C9273C4008280E2 /* InfoViewController.m */ = {isa = PBXFileReference; fileEncoding = 4; lastKnownFileType = sourcecode.c.objc; path = InfoViewController.m; sourceTree = "<group>"; };
		7029398D1C9273E4008280E2 /* SearchViewController.h */ = {isa = PBXFileReference; fileEncoding = 4; lastKnownFileType = sourcecode.c.h; path = SearchViewController.h; sourceTree = "<group>"; };
		7029398E1C9273E4008280E2 /* SearchViewController.m */ = {isa = PBXFileReference; fileEncoding = 4; lastKnownFileType = sourcecode.c.objc; path = SearchViewController.m; sourceTree = "<group>"; };
		702939901C9273FA008280E2 /* MineViewController.h */ = {isa = PBXFileReference; fileEncoding = 4; lastKnownFileType = sourcecode.c.h; path = MineViewController.h; sourceTree = "<group>"; };
		702939911C9273FA008280E2 /* MineViewController.m */ = {isa = PBXFileReference; fileEncoding = 4; lastKnownFileType = sourcecode.c.objc; path = MineViewController.m; sourceTree = "<group>"; };
		7046AC6A1C974C5100BB6818 /* HealthTableCell.h */ = {isa = PBXFileReference; fileEncoding = 4; lastKnownFileType = sourcecode.c.h; path = HealthTableCell.h; sourceTree = "<group>"; };
		7046AC6B1C974C5100BB6818 /* HealthTableCell.m */ = {isa = PBXFileReference; fileEncoding = 4; lastKnownFileType = sourcecode.c.objc; path = HealthTableCell.m; sourceTree = "<group>"; };
		7046AC6C1C974C5100BB6818 /* HealthTableCell.xib */ = {isa = PBXFileReference; fileEncoding = 4; lastKnownFileType = file.xib; path = HealthTableCell.xib; sourceTree = "<group>"; };
		7046AC6F1C974C7E00BB6818 /* StudioTableCell.h */ = {isa = PBXFileReference; fileEncoding = 4; lastKnownFileType = sourcecode.c.h; path = StudioTableCell.h; sourceTree = "<group>"; };
		7046AC701C974C7E00BB6818 /* StudioTableCell.m */ = {isa = PBXFileReference; fileEncoding = 4; lastKnownFileType = sourcecode.c.objc; path = StudioTableCell.m; sourceTree = "<group>"; };
		7046AC711C974C7E00BB6818 /* StudioTableCell.xib */ = {isa = PBXFileReference; fileEncoding = 4; lastKnownFileType = file.xib; path = StudioTableCell.xib; sourceTree = "<group>"; };
		7046AC741C974C9F00BB6818 /* PersonTableCell.h */ = {isa = PBXFileReference; fileEncoding = 4; lastKnownFileType = sourcecode.c.h; path = PersonTableCell.h; sourceTree = "<group>"; };
		7046AC751C974C9F00BB6818 /* PersonTableCell.m */ = {isa = PBXFileReference; fileEncoding = 4; lastKnownFileType = sourcecode.c.objc; path = PersonTableCell.m; sourceTree = "<group>"; };
		7046AC761C974C9F00BB6818 /* PersonTableCell.xib */ = {isa = PBXFileReference; fileEncoding = 4; lastKnownFileType = file.xib; path = PersonTableCell.xib; sourceTree = "<group>"; };
		7046AC791C97640A00BB6818 /* DiseaseTableCell.h */ = {isa = PBXFileReference; fileEncoding = 4; lastKnownFileType = sourcecode.c.h; path = DiseaseTableCell.h; sourceTree = "<group>"; };
		7046AC7A1C97640A00BB6818 /* DiseaseTableCell.m */ = {isa = PBXFileReference; fileEncoding = 4; lastKnownFileType = sourcecode.c.objc; path = DiseaseTableCell.m; sourceTree = "<group>"; };
		7046AC7B1C97640A00BB6818 /* DiseaseTableCell.xib */ = {isa = PBXFileReference; fileEncoding = 4; lastKnownFileType = file.xib; path = DiseaseTableCell.xib; sourceTree = "<group>"; };
		7046ACF41C97E5D700BB6818 /* cell_disease_fuke_button.png */ = {isa = PBXFileReference; lastKnownFileType = image.png; path = cell_disease_fuke_button.png; sourceTree = "<group>"; };
		7046ACF51C97E5D700BB6818 /* cell_disease_guomin_button.png */ = {isa = PBXFileReference; lastKnownFileType = image.png; path = cell_disease_guomin_button.png; sourceTree = "<group>"; };
		7046ACF61C97E5D700BB6818 /* cell_disease_laotou_button.png */ = {isa = PBXFileReference; lastKnownFileType = image.png; path = cell_disease_laotou_button.png; sourceTree = "<group>"; };
		7046ACF71C97E5D700BB6818 /* cell_disease_nanke_button.png */ = {isa = PBXFileReference; lastKnownFileType = image.png; path = cell_disease_nanke_button.png; sourceTree = "<group>"; };
		7046ACF81C97E5D700BB6818 /* cell_disease_pifuke_button.png */ = {isa = PBXFileReference; lastKnownFileType = image.png; path = cell_disease_pifuke_button.png; sourceTree = "<group>"; };
		7046ACF91C97E5D700BB6818 /* cell_disease_yinanzazheng_button.png */ = {isa = PBXFileReference; lastKnownFileType = image.png; path = cell_disease_yinanzazheng_button.png; sourceTree = "<group>"; };
		7046ACFA1C97E5D700BB6818 /* cell_health_main_button.png */ = {isa = PBXFileReference; lastKnownFileType = image.png; path = cell_health_main_button.png; sourceTree = "<group>"; };
		7046ACFB1C97E5D700BB6818 /* cell_health_more_button.png */ = {isa = PBXFileReference; lastKnownFileType = image.png; path = cell_health_more_button.png; sourceTree = "<group>"; };
		7046ACFC1C97E5D700BB6818 /* cell_health_title_button.png */ = {isa = PBXFileReference; lastKnownFileType = image.png; path = cell_health_title_button.png; sourceTree = "<group>"; };
		7046ACFD1C97E5D700BB6818 /* cell_person_hejiazhen_button.png */ = {isa = PBXFileReference; lastKnownFileType = image.png; path = cell_person_hejiazhen_button.png; sourceTree = "<group>"; };
		7046ACFE1C97E5D700BB6818 /* cell_person_more_button.png */ = {isa = PBXFileReference; lastKnownFileType = image.png; path = cell_person_more_button.png; sourceTree = "<group>"; };
		7046ACFF1C97E5D700BB6818 /* cell_person_songshihua_button.png */ = {isa = PBXFileReference; lastKnownFileType = image.png; path = cell_person_songshihua_button.png; sourceTree = "<group>"; };
		7046AD001C97E5D700BB6818 /* cell_person_youweiping_button.png */ = {isa = PBXFileReference; lastKnownFileType = image.png; path = cell_person_youweiping_button.png; sourceTree = "<group>"; };
		7046AD011C97E5D700BB6818 /* cell_studio_main_button.png */ = {isa = PBXFileReference; lastKnownFileType = image.png; path = cell_studio_main_button.png; sourceTree = "<group>"; };
		7046AD021C97E5D700BB6818 /* cell_studio_more_button.png */ = {isa = PBXFileReference; lastKnownFileType = image.png; path = cell_studio_more_button.png; sourceTree = "<group>"; };
		7046AD031C97E5D700BB6818 /* cell_studio_title_button.png */ = {isa = PBXFileReference; lastKnownFileType = image.png; path = cell_studio_title_button.png; sourceTree = "<group>"; };
		7046AD041C97E5D700BB6818 /* guideview1.jpg */ = {isa = PBXFileReference; lastKnownFileType = image.jpeg; path = guideview1.jpg; sourceTree = "<group>"; };
		7046AD051C97E5D700BB6818 /* guideview2.jpg */ = {isa = PBXFileReference; lastKnownFileType = image.jpeg; path = guideview2.jpg; sourceTree = "<group>"; };
		7046AD061C97E5D700BB6818 /* guideview3.jpg */ = {isa = PBXFileReference; lastKnownFileType = image.jpeg; path = guideview3.jpg; sourceTree = "<group>"; };
		7046AD071C97E5D700BB6818 /* info_scrollview1.jpg */ = {isa = PBXFileReference; lastKnownFileType = image.jpeg; path = info_scrollview1.jpg; sourceTree = "<group>"; };
		7046AD081C97E5D700BB6818 /* info_scrollview2.jpg */ = {isa = PBXFileReference; lastKnownFileType = image.jpeg; path = info_scrollview2.jpg; sourceTree = "<group>"; };
		7046AD091C97E5D700BB6818 /* info_scrollview3.jpg */ = {isa = PBXFileReference; lastKnownFileType = image.jpeg; path = info_scrollview3.jpg; sourceTree = "<group>"; };
		7046AD0A1C97E5D700BB6818 /* navbar_left_item.png */ = {isa = PBXFileReference; lastKnownFileType = image.png; path = navbar_left_item.png; sourceTree = "<group>"; };
		7046AD0B1C97E5D700BB6818 /* navbar_right_item.png */ = {isa = PBXFileReference; lastKnownFileType = image.png; path = navbar_right_item.png; sourceTree = "<group>"; };
		7046AD0C1C97E5D700BB6818 /* tabbar_info_normal.png */ = {isa = PBXFileReference; lastKnownFileType = image.png; path = tabbar_info_normal.png; sourceTree = "<group>"; };
		7046AD0D1C97E5D700BB6818 /* tabbar_info_selected.png */ = {isa = PBXFileReference; lastKnownFileType = image.png; path = tabbar_info_selected.png; sourceTree = "<group>"; };
		7046AD0E1C97E5D700BB6818 /* tabbar_mine_normal.png */ = {isa = PBXFileReference; lastKnownFileType = image.png; path = tabbar_mine_normal.png; sourceTree = "<group>"; };
		7046AD0F1C97E5D700BB6818 /* tabbar_mine_selected.png */ = {isa = PBXFileReference; lastKnownFileType = image.png; path = tabbar_mine_selected.png; sourceTree = "<group>"; };
		7046AD101C97E5D700BB6818 /* tabbar_search_normal.png */ = {isa = PBXFileReference; lastKnownFileType = image.png; path = tabbar_search_normal.png; sourceTree = "<group>"; };
		7046AD111C97E5D700BB6818 /* tabbar_search_selected.png */ = {isa = PBXFileReference; lastKnownFileType = image.png; path = tabbar_search_selected.png; sourceTree = "<group>"; };
		7046AD121C97E5D700BB6818 /* tabbar_test_normal.png */ = {isa = PBXFileReference; lastKnownFileType = image.png; path = tabbar_test_normal.png; sourceTree = "<group>"; };
		7046AD131C97E5D700BB6818 /* tabbar_test_selected.png */ = {isa = PBXFileReference; lastKnownFileType = image.png; path = tabbar_test_selected.png; sourceTree = "<group>"; };
		7046AD361C97E8D300BB6818 /* launchimage.jpg */ = {isa = PBXFileReference; lastKnownFileType = image.jpeg; path = launchimage.jpg; sourceTree = "<group>"; };
		7046AD381C98107F00BB6818 /* ScanViewController.h */ = {isa = PBXFileReference; fileEncoding = 4; lastKnownFileType = sourcecode.c.h; path = ScanViewController.h; sourceTree = "<group>"; };
		7046AD391C98107F00BB6818 /* ScanViewController.m */ = {isa = PBXFileReference; fileEncoding = 4; lastKnownFileType = sourcecode.c.objc; path = ScanViewController.m; sourceTree = "<group>"; };
		7046AD501C9869A400BB6818 /* scan_back_image.png */ = {isa = PBXFileReference; lastKnownFileType = image.png; path = scan_back_image.png; sourceTree = "<group>"; };
		7046AD511C9869A400BB6818 /* scan_line_image.png */ = {isa = PBXFileReference; lastKnownFileType = image.png; path = scan_line_image.png; sourceTree = "<group>"; };
		7046AD5D1C99902500BB6818 /* TestViewController.h */ = {isa = PBXFileReference; fileEncoding = 4; lastKnownFileType = sourcecode.c.h; path = TestViewController.h; sourceTree = "<group>"; };
		7046AD5E1C99902500BB6818 /* TestViewController.m */ = {isa = PBXFileReference; fileEncoding = 4; lastKnownFileType = sourcecode.c.objc; path = TestViewController.m; sourceTree = "<group>"; };
		7046AD601C99956400BB6818 /* LoginViewController.h */ = {isa = PBXFileReference; fileEncoding = 4; lastKnownFileType = sourcecode.c.h; path = LoginViewController.h; sourceTree = "<group>"; };
		7046AD631C9998FC00BB6818 /* navbar_background_image.png */ = {isa = PBXFileReference; lastKnownFileType = image.png; path = navbar_background_image.png; sourceTree = "<group>"; };
		7046AD681C99C42E00BB6818 /* YJSegmentedControl.h */ = {isa = PBXFileReference; fileEncoding = 4; lastKnownFileType = sourcecode.c.h; path = YJSegmentedControl.h; sourceTree = "<group>"; };
		7046AD691C99C42E00BB6818 /* YJSegmentedControl.m */ = {isa = PBXFileReference; fileEncoding = 4; lastKnownFileType = sourcecode.c.objc; path = YJSegmentedControl.m; sourceTree = "<group>"; };
		7046AD6B1C9A426100BB6818 /* login_confirm_login_normal.png */ = {isa = PBXFileReference; lastKnownFileType = image.png; path = login_confirm_login_normal.png; sourceTree = "<group>"; };
		7046AD6D1C9A426100BB6818 /* login_get_captcha_button.png */ = {isa = PBXFileReference; lastKnownFileType = image.png; path = login_get_captcha_button.png; sourceTree = "<group>"; };
		7046AD6E1C9A426100BB6818 /* login_third_login_qq.png */ = {isa = PBXFileReference; lastKnownFileType = image.png; path = login_third_login_qq.png; sourceTree = "<group>"; };
		7046AD6F1C9A426100BB6818 /* login_third_login_weibo.png */ = {isa = PBXFileReference; lastKnownFileType = image.png; path = login_third_login_weibo.png; sourceTree = "<group>"; };
		7046AD701C9A426100BB6818 /* login_third_login_weixin.png */ = {isa = PBXFileReference; lastKnownFileType = image.png; path = login_third_login_weixin.png; sourceTree = "<group>"; };
		7046AD771C9A481C00BB6818 /* login_confirm_login_selected.png */ = {isa = PBXFileReference; lastKnownFileType = image.png; path = login_confirm_login_selected.png; sourceTree = "<group>"; };
		7046AD791C9A5CAE00BB6818 /* AgreementViewController.h */ = {isa = PBXFileReference; fileEncoding = 4; lastKnownFileType = sourcecode.c.h; path = AgreementViewController.h; sourceTree = "<group>"; };
		7046AD7A1C9A5CAE00BB6818 /* AgreementViewController.m */ = {isa = PBXFileReference; fileEncoding = 4; lastKnownFileType = sourcecode.c.objc; path = AgreementViewController.m; sourceTree = "<group>"; };
		7046AD7C1C9BB4C200BB6818 /* CommonMacro.h */ = {isa = PBXFileReference; lastKnownFileType = sourcecode.c.h; path = CommonMacro.h; sourceTree = "<group>"; };
		7046AD7D1C9BD29200BB6818 /* LoginModel.h */ = {isa = PBXFileReference; fileEncoding = 4; lastKnownFileType = sourcecode.c.h; path = LoginModel.h; sourceTree = "<group>"; };
		7046AD7E1C9BD29200BB6818 /* LoginModel.m */ = {isa = PBXFileReference; fileEncoding = 4; lastKnownFileType = sourcecode.c.objc; path = LoginModel.m; sourceTree = "<group>"; };
		7046AD861C9F1D2900BB6818 /* LoginRequestDelegate.h */ = {isa = PBXFileReference; fileEncoding = 4; lastKnownFileType = sourcecode.c.h; path = LoginRequestDelegate.h; sourceTree = "<group>"; };
		7046AD871C9F1D2900BB6818 /* LoginRequestDelegate.m */ = {isa = PBXFileReference; fileEncoding = 4; lastKnownFileType = sourcecode.c.objc; path = LoginRequestDelegate.m; sourceTree = "<group>"; };
		7046AD891C9F1FAC00BB6818 /* LoginViewController.m */ = {isa = PBXFileReference; fileEncoding = 4; lastKnownFileType = sourcecode.c.objc; path = LoginViewController.m; sourceTree = "<group>"; };
		7046ADA11CA0168500BB6818 /* cell_person_title_button.png */ = {isa = PBXFileReference; lastKnownFileType = image.png; path = cell_person_title_button.png; sourceTree = "<group>"; };
		707E5B831C9653CF00101B30 /* BaseTableViewCell.h */ = {isa = PBXFileReference; fileEncoding = 4; lastKnownFileType = sourcecode.c.h; path = BaseTableViewCell.h; sourceTree = "<group>"; };
		707E5B841C9653CF00101B30 /* BaseTableViewCell.m */ = {isa = PBXFileReference; fileEncoding = 4; lastKnownFileType = sourcecode.c.objc; path = BaseTableViewCell.m; sourceTree = "<group>"; };
		707E5B861C9653FA00101B30 /* BaseView.h */ = {isa = PBXFileReference; fileEncoding = 4; lastKnownFileType = sourcecode.c.h; path = BaseView.h; sourceTree = "<group>"; };
		707E5B871C9653FA00101B30 /* BaseView.m */ = {isa = PBXFileReference; fileEncoding = 4; lastKnownFileType = sourcecode.c.objc; path = BaseView.m; sourceTree = "<group>"; };
		707E5B8C1C96545700101B30 /* BaseColletionViewCell.h */ = {isa = PBXFileReference; fileEncoding = 4; lastKnownFileType = sourcecode.c.h; path = BaseColletionViewCell.h; sourceTree = "<group>"; };
		707E5B8D1C96545700101B30 /* BaseColletionViewCell.m */ = {isa = PBXFileReference; fileEncoding = 4; lastKnownFileType = sourcecode.c.objc; path = BaseColletionViewCell.m; sourceTree = "<group>"; };
		707E5B8F1C965F7900101B30 /* BaseTableView.h */ = {isa = PBXFileReference; fileEncoding = 4; lastKnownFileType = sourcecode.c.h; path = BaseTableView.h; sourceTree = "<group>"; };
		707E5B901C965F7900101B30 /* BaseTableView.m */ = {isa = PBXFileReference; fileEncoding = 4; lastKnownFileType = sourcecode.c.objc; path = BaseTableView.m; sourceTree = "<group>"; };
		707E5B921C965F9B00101B30 /* BaseCollectionView.h */ = {isa = PBXFileReference; fileEncoding = 4; lastKnownFileType = sourcecode.c.h; path = BaseCollectionView.h; sourceTree = "<group>"; };
		707E5B931C965F9B00101B30 /* BaseCollectionView.m */ = {isa = PBXFileReference; fileEncoding = 4; lastKnownFileType = sourcecode.c.objc; path = BaseCollectionView.m; sourceTree = "<group>"; };
		707E5B951C9662BD00101B30 /* BaseTableViewController.h */ = {isa = PBXFileReference; fileEncoding = 4; lastKnownFileType = sourcecode.c.h; path = BaseTableViewController.h; sourceTree = "<group>"; };
		707E5B961C9662BD00101B30 /* BaseTableViewController.m */ = {isa = PBXFileReference; fileEncoding = 4; lastKnownFileType = sourcecode.c.objc; path = BaseTableViewController.m; sourceTree = "<group>"; };
		707E5B981C9662EB00101B30 /* BaseCollectionViewController.h */ = {isa = PBXFileReference; fileEncoding = 4; lastKnownFileType = sourcecode.c.h; path = BaseCollectionViewController.h; sourceTree = "<group>"; };
		707E5B991C9662EB00101B30 /* BaseCollectionViewController.m */ = {isa = PBXFileReference; fileEncoding = 4; lastKnownFileType = sourcecode.c.objc; path = BaseCollectionViewController.m; sourceTree = "<group>"; };
		707E5BB71C96A67E00101B30 /* InfoHeaderView.h */ = {isa = PBXFileReference; fileEncoding = 4; lastKnownFileType = sourcecode.c.h; path = InfoHeaderView.h; sourceTree = "<group>"; };
		707E5BB81C96A67E00101B30 /* InfoHeaderView.m */ = {isa = PBXFileReference; fileEncoding = 4; lastKnownFileType = sourcecode.c.objc; path = InfoHeaderView.m; sourceTree = "<group>"; };
		707E5BBA1C96C01B00101B30 /* DiseaseData.h */ = {isa = PBXFileReference; fileEncoding = 4; lastKnownFileType = sourcecode.c.h; path = DiseaseData.h; sourceTree = "<group>"; };
		707E5BBB1C96C01B00101B30 /* DiseaseData.m */ = {isa = PBXFileReference; fileEncoding = 4; lastKnownFileType = sourcecode.c.objc; path = DiseaseData.m; sourceTree = "<group>"; };
		707E5BBD1C96C02D00101B30 /* HealthData.h */ = {isa = PBXFileReference; fileEncoding = 4; lastKnownFileType = sourcecode.c.h; path = HealthData.h; sourceTree = "<group>"; };
		707E5BBE1C96C02D00101B30 /* HealthData.m */ = {isa = PBXFileReference; fileEncoding = 4; lastKnownFileType = sourcecode.c.objc; path = HealthData.m; sourceTree = "<group>"; };
		707E5BC01C96C03A00101B30 /* StudioData.h */ = {isa = PBXFileReference; fileEncoding = 4; lastKnownFileType = sourcecode.c.h; path = StudioData.h; sourceTree = "<group>"; };
		707E5BC11C96C03A00101B30 /* StudioData.m */ = {isa = PBXFileReference; fileEncoding = 4; lastKnownFileType = sourcecode.c.objc; path = StudioData.m; sourceTree = "<group>"; };
		707E5BC31C96C04D00101B30 /* PersonData.h */ = {isa = PBXFileReference; fileEncoding = 4; lastKnownFileType = sourcecode.c.h; path = PersonData.h; sourceTree = "<group>"; };
		707E5BC41C96C04D00101B30 /* PersonData.m */ = {isa = PBXFileReference; fileEncoding = 4; lastKnownFileType = sourcecode.c.objc; path = PersonData.m; sourceTree = "<group>"; };
		70A9BD141C8686930035B5E0 /* BaseViewController.h */ = {isa = PBXFileReference; fileEncoding = 4; lastKnownFileType = sourcecode.c.h; path = BaseViewController.h; sourceTree = "<group>"; };
		70A9BD151C8686930035B5E0 /* BaseViewController.m */ = {isa = PBXFileReference; fileEncoding = 4; lastKnownFileType = sourcecode.c.objc; path = BaseViewController.m; sourceTree = "<group>"; };
		70A9BD1B1C86B7460035B5E0 /* PrefixHeader.pch */ = {isa = PBXFileReference; lastKnownFileType = sourcecode.c.h; path = PrefixHeader.pch; sourceTree = "<group>"; };
		70A9BD1C1C86BB730035B5E0 /* Macro.h */ = {isa = PBXFileReference; lastKnownFileType = sourcecode.c.h; path = Macro.h; sourceTree = "<group>"; };
		70A9BD1D1C86BBA60035B5E0 /* DimensMacro.h */ = {isa = PBXFileReference; lastKnownFileType = sourcecode.c.h; path = DimensMacro.h; sourceTree = "<group>"; };
		70A9BD1E1C86BBBB0035B5E0 /* PathMacro.h */ = {isa = PBXFileReference; lastKnownFileType = sourcecode.c.h; path = PathMacro.h; sourceTree = "<group>"; };
		70A9BD1F1C86BBC90035B5E0 /* UtilsMacro.h */ = {isa = PBXFileReference; lastKnownFileType = sourcecode.c.h; path = UtilsMacro.h; sourceTree = "<group>"; };
		70A9BD201C86BBDC0035B5E0 /* NotificationMacro.h */ = {isa = PBXFileReference; lastKnownFileType = sourcecode.c.h; path = NotificationMacro.h; sourceTree = "<group>"; };
		70A9BD211C86BBEC0035B5E0 /* APIStringMacro.h */ = {isa = PBXFileReference; lastKnownFileType = sourcecode.c.h; path = APIStringMacro.h; sourceTree = "<group>"; };
		70A9BD231C87C9D90035B5E0 /* NetworkUtil.h */ = {isa = PBXFileReference; fileEncoding = 4; lastKnownFileType = sourcecode.c.h; path = NetworkUtil.h; sourceTree = "<group>"; };
		70A9BD241C87C9D90035B5E0 /* NetworkUtil.m */ = {isa = PBXFileReference; fileEncoding = 4; lastKnownFileType = sourcecode.c.objc; path = NetworkUtil.m; sourceTree = "<group>"; };
		70A9BD261C87D9DE0035B5E0 /* NetworkMonitorUtil.h */ = {isa = PBXFileReference; fileEncoding = 4; lastKnownFileType = sourcecode.c.h; path = NetworkMonitorUtil.h; sourceTree = "<group>"; };
		70A9BD271C87D9DE0035B5E0 /* NetworkMonitorUtil.m */ = {isa = PBXFileReference; fileEncoding = 4; lastKnownFileType = sourcecode.c.objc; path = NetworkMonitorUtil.m; sourceTree = "<group>"; };
		70A9BD291C87FF320035B5E0 /* CommonUtil.h */ = {isa = PBXFileReference; fileEncoding = 4; lastKnownFileType = sourcecode.c.h; path = CommonUtil.h; sourceTree = "<group>"; };
		70A9BD2A1C87FF320035B5E0 /* CommonUtil.m */ = {isa = PBXFileReference; fileEncoding = 4; lastKnownFileType = sourcecode.c.objc; path = CommonUtil.m; sourceTree = "<group>"; };
		70A9BD2C1C87FFD00035B5E0 /* AlertUtil.h */ = {isa = PBXFileReference; fileEncoding = 4; lastKnownFileType = sourcecode.c.h; path = AlertUtil.h; sourceTree = "<group>"; };
		70A9BD2D1C87FFD00035B5E0 /* AlertUtil.m */ = {isa = PBXFileReference; fileEncoding = 4; lastKnownFileType = sourcecode.c.objc; path = AlertUtil.m; sourceTree = "<group>"; };
		70A9BD2F1C87FFDD0035B5E0 /* HudUtil.h */ = {isa = PBXFileReference; fileEncoding = 4; lastKnownFileType = sourcecode.c.h; path = HudUtil.h; sourceTree = "<group>"; };
		70A9BD301C87FFDD0035B5E0 /* HudUtil.m */ = {isa = PBXFileReference; fileEncoding = 4; lastKnownFileType = sourcecode.c.objc; path = HudUtil.m; sourceTree = "<group>"; };
		70A9BD321C8800A20035B5E0 /* DateUtil.h */ = {isa = PBXFileReference; fileEncoding = 4; lastKnownFileType = sourcecode.c.h; path = DateUtil.h; sourceTree = "<group>"; };
		70A9BD331C8800A20035B5E0 /* DateUtil.m */ = {isa = PBXFileReference; fileEncoding = 4; lastKnownFileType = sourcecode.c.objc; path = DateUtil.m; sourceTree = "<group>"; };
		70A9BD351C88017D0035B5E0 /* AdaptionUtil.h */ = {isa = PBXFileReference; fileEncoding = 4; lastKnownFileType = sourcecode.c.h; path = AdaptionUtil.h; sourceTree = "<group>"; };
		70A9BD361C88017D0035B5E0 /* AdaptionUtil.m */ = {isa = PBXFileReference; fileEncoding = 4; lastKnownFileType = sourcecode.c.objc; path = AdaptionUtil.m; sourceTree = "<group>"; };
		70A9BD381C88019F0035B5E0 /* EncyptionUtil.h */ = {isa = PBXFileReference; fileEncoding = 4; lastKnownFileType = sourcecode.c.h; path = EncyptionUtil.h; sourceTree = "<group>"; };
		70A9BD391C88019F0035B5E0 /* EncyptionUtil.m */ = {isa = PBXFileReference; fileEncoding = 4; lastKnownFileType = sourcecode.c.objc; path = EncyptionUtil.m; sourceTree = "<group>"; };
		70A9BD3B1C8809160035B5E0 /* GTMBase64.h */ = {isa = PBXFileReference; fileEncoding = 4; lastKnownFileType = sourcecode.c.h; path = GTMBase64.h; sourceTree = "<group>"; };
		70A9BD3C1C8809160035B5E0 /* GTMBase64.m */ = {isa = PBXFileReference; fileEncoding = 4; lastKnownFileType = sourcecode.c.objc; path = GTMBase64.m; sourceTree = "<group>"; };
		70A9BD3D1C8809160035B5E0 /* GTMDefines.h */ = {isa = PBXFileReference; fileEncoding = 4; lastKnownFileType = sourcecode.c.h; path = GTMDefines.h; sourceTree = "<group>"; };
		9F46B65898D5DC530D828292 /* Pods.release.xcconfig */ = {isa = PBXFileReference; includeInIndex = 1; lastKnownFileType = text.xcconfig; name = Pods.release.xcconfig; path = "Pods/Target Support Files/Pods/Pods.release.xcconfig"; sourceTree = "<group>"; };
		B22389C9580CCA6DA815ABF9 /* libPods.a */ = {isa = PBXFileReference; explicitFileType = archive.ar; includeInIndex = 0; path = libPods.a; sourceTree = BUILT_PRODUCTS_DIR; };
/* End PBXFileReference section */

/* Begin PBXFrameworksBuildPhase section */
		70265C6C1C858AA50091C01F /* Frameworks */ = {
			isa = PBXFrameworksBuildPhase;
			buildActionMask = 2147483647;
			files = (
				702939681C8EC73F008280E2 /* libz.tbd in Frameworks */,
				702939661C8EC736008280E2 /* Security.framework in Frameworks */,
				702939641C8EC72C008280E2 /* UIKit.framework in Frameworks */,
				702939621C8EC723008280E2 /* Foundation.framework in Frameworks */,
				702939601C8EC718008280E2 /* CoreGraphics.framework in Frameworks */,
				7029395E1C8EC70F008280E2 /* SystemConfiguration.framework in Frameworks */,
				702939861C9271EC008280E2 /* jpush-ios-2.1.0.a in Frameworks */,
				7029395C1C8EC706008280E2 /* CoreTelephony.framework in Frameworks */,
				7029395A1C8EC6FB008280E2 /* CoreFoundation.framework in Frameworks */,
				702939581C8EC6F1008280E2 /* CFNetwork.framework in Frameworks */,
				702939121C8D5C38008280E2 /* CoreLocation.framework in Frameworks */,
				D3124DFAA46975EB9B4563C1 /* libPods.a in Frameworks */,
			);
			runOnlyForDeploymentPostprocessing = 0;
		};
		70265C851C858AA50091C01F /* Frameworks */ = {
			isa = PBXFrameworksBuildPhase;
			buildActionMask = 2147483647;
			files = (
			);
			runOnlyForDeploymentPostprocessing = 0;
		};
		70265C901C858AA50091C01F /* Frameworks */ = {
			isa = PBXFrameworksBuildPhase;
			buildActionMask = 2147483647;
			files = (
			);
			runOnlyForDeploymentPostprocessing = 0;
		};
/* End PBXFrameworksBuildPhase section */

/* Begin PBXGroup section */
		70265C661C858AA50091C01F = {
			isa = PBXGroup;
			children = (
				70265C711C858AA50091C01F /* patient */,
				70265C8B1C858AA50091C01F /* patientTests */,
				70265C961C858AA50091C01F /* patientUITests */,
				70265C701C858AA50091C01F /* Products */,
				8D99F46D261353D0951BA99F /* Pods */,
				FDDF907A0C5E47401071325B /* Frameworks */,
			);
			sourceTree = "<group>";
		};
		70265C701C858AA50091C01F /* Products */ = {
			isa = PBXGroup;
			children = (
				70265C6F1C858AA50091C01F /* patient.app */,
				70265C881C858AA50091C01F /* patientTests.xctest */,
				70265C931C858AA50091C01F /* patientUITests.xctest */,
			);
			name = Products;
			sourceTree = "<group>";
		};
		70265C711C858AA50091C01F /* patient */ = {
			isa = PBXGroup;
			children = (
				70265CA51C858B490091C01F /* Main */,
				70265CA61C858B500091C01F /* Section */,
				70265CA71C858B5A0091C01F /* Vendor */,
				70265C721C858AA50091C01F /* Supporting Files */,
			);
			path = patient;
			sourceTree = "<group>";
		};
		70265C721C858AA50091C01F /* Supporting Files */ = {
			isa = PBXGroup;
			children = (
				70265C831C858AA50091C01F /* Info.plist */,
				70A9BD1B1C86B7460035B5E0 /* PrefixHeader.pch */,
				70265C731C858AA50091C01F /* main.m */,
				70265C751C858AA50091C01F /* AppDelegate.h */,
				70265C761C858AA50091C01F /* AppDelegate.m */,
				70265C801C858AA50091C01F /* LaunchScreen.storyboard */,
				70265C7E1C858AA50091C01F /* Assets.xcassets */,
			);
			path = "Supporting Files";
			sourceTree = "<group>";
		};
		70265C8B1C858AA50091C01F /* patientTests */ = {
			isa = PBXGroup;
			children = (
				70265C8C1C858AA50091C01F /* patientTests.m */,
				70265C8E1C858AA50091C01F /* Info.plist */,
			);
			path = patientTests;
			sourceTree = "<group>";
		};
		70265C961C858AA50091C01F /* patientUITests */ = {
			isa = PBXGroup;
			children = (
				70265C971C858AA50091C01F /* patientUITests.m */,
				70265C991C858AA50091C01F /* Info.plist */,
			);
			path = patientUITests;
			sourceTree = "<group>";
		};
		70265CA51C858B490091C01F /* Main */ = {
			isa = PBXGroup;
			children = (
				70265CA81C858B770091C01F /* Bases */,
				70D375851C8D104D00AEA093 /* Categories */,
				70265CA91C858B7F0091C01F /* Utils */,
				70265CAA1C858B8E0091C01F /* Images */,
				70265CAB1C858B950091C01F /* Macros */,
			);
			path = Main;
			sourceTree = "<group>";
		};
		70265CA61C858B500091C01F /* Section */ = {
			isa = PBXGroup;
			children = (
				7029396E1C916B90008280E2 /* Guide */,
				702939831C925FF9008280E2 /* Login */,
				70265CAC1C858C0A0091C01F /* Info */,
				7046AD5C1C99900100BB6818 /* Test */,
				70265CAE1C858DF80091C01F /* Search */,
				70265CAF1C85915C0091C01F /* Mine */,
			);
			path = Section;
			sourceTree = "<group>";
		};
		70265CA71C858B5A0091C01F /* Vendor */ = {
			isa = PBXGroup;
			children = (
				702939531C8EC692008280E2 /* JPush */,
			);
			path = Vendor;
			sourceTree = "<group>";
		};
		70265CA81C858B770091C01F /* Bases */ = {
			isa = PBXGroup;
			children = (
				70265CC21C85958C0091C01F /* BaseTabBarController.h */,
				70265CC31C85958C0091C01F /* BaseTabBarController.m */,
				70265CBF1C8595720091C01F /* BaseNaviController.h */,
				70265CC01C8595720091C01F /* BaseNaviController.m */,
				70A9BD141C8686930035B5E0 /* BaseViewController.h */,
				70A9BD151C8686930035B5E0 /* BaseViewController.m */,
				707E5B861C9653FA00101B30 /* BaseView.h */,
				707E5B871C9653FA00101B30 /* BaseView.m */,
				707E5B951C9662BD00101B30 /* BaseTableViewController.h */,
				707E5B961C9662BD00101B30 /* BaseTableViewController.m */,
				707E5B8F1C965F7900101B30 /* BaseTableView.h */,
				707E5B901C965F7900101B30 /* BaseTableView.m */,
				707E5B831C9653CF00101B30 /* BaseTableViewCell.h */,
				707E5B841C9653CF00101B30 /* BaseTableViewCell.m */,
				707E5B981C9662EB00101B30 /* BaseCollectionViewController.h */,
				707E5B991C9662EB00101B30 /* BaseCollectionViewController.m */,
				707E5B921C965F9B00101B30 /* BaseCollectionView.h */,
				707E5B931C965F9B00101B30 /* BaseCollectionView.m */,
				707E5B8C1C96545700101B30 /* BaseColletionViewCell.h */,
				707E5B8D1C96545700101B30 /* BaseColletionViewCell.m */,
			);
			path = Bases;
			sourceTree = "<group>";
		};
		70265CA91C858B7F0091C01F /* Utils */ = {
			isa = PBXGroup;
			children = (
				70A9BD291C87FF320035B5E0 /* CommonUtil.h */,
				70A9BD2A1C87FF320035B5E0 /* CommonUtil.m */,
				70A9BD231C87C9D90035B5E0 /* NetworkUtil.h */,
				70A9BD241C87C9D90035B5E0 /* NetworkUtil.m */,
				70A9BD261C87D9DE0035B5E0 /* NetworkMonitorUtil.h */,
				70A9BD271C87D9DE0035B5E0 /* NetworkMonitorUtil.m */,
				70A9BD2C1C87FFD00035B5E0 /* AlertUtil.h */,
				70A9BD2D1C87FFD00035B5E0 /* AlertUtil.m */,
				70A9BD2F1C87FFDD0035B5E0 /* HudUtil.h */,
				70A9BD301C87FFDD0035B5E0 /* HudUtil.m */,
				70A9BD321C8800A20035B5E0 /* DateUtil.h */,
				70A9BD331C8800A20035B5E0 /* DateUtil.m */,
				70A9BD351C88017D0035B5E0 /* AdaptionUtil.h */,
				70A9BD361C88017D0035B5E0 /* AdaptionUtil.m */,
				70A9BD381C88019F0035B5E0 /* EncyptionUtil.h */,
				70A9BD391C88019F0035B5E0 /* EncyptionUtil.m */,
				70A9BD3B1C8809160035B5E0 /* GTMBase64.h */,
				70A9BD3C1C8809160035B5E0 /* GTMBase64.m */,
				70A9BD3D1C8809160035B5E0 /* GTMDefines.h */,
				702939131C8D5D83008280E2 /* LocationUtil.h */,
				702939141C8D5D83008280E2 /* LocationUtil.m */,
				702939161C8E677B008280E2 /* AnalyticUtil.h */,
				702939171C8E677B008280E2 /* AnalyticUtil.m */,
			);
			path = Utils;
			sourceTree = "<group>";
		};
		70265CAA1C858B8E0091C01F /* Images */ = {
			isa = PBXGroup;
			children = (
				7046AD771C9A481C00BB6818 /* login_confirm_login_selected.png */,
				7046AD6B1C9A426100BB6818 /* login_confirm_login_normal.png */,
				7046AD6D1C9A426100BB6818 /* login_get_captcha_button.png */,
				7046AD6E1C9A426100BB6818 /* login_third_login_qq.png */,
				7046AD6F1C9A426100BB6818 /* login_third_login_weibo.png */,
				7046AD701C9A426100BB6818 /* login_third_login_weixin.png */,
				7046AD631C9998FC00BB6818 /* navbar_background_image.png */,
				7046AD501C9869A400BB6818 /* scan_back_image.png */,
				7046AD511C9869A400BB6818 /* scan_line_image.png */,
				7046AD361C97E8D300BB6818 /* launchimage.jpg */,
				7046ACF41C97E5D700BB6818 /* cell_disease_fuke_button.png */,
				7046ACF51C97E5D700BB6818 /* cell_disease_guomin_button.png */,
				7046ACF61C97E5D700BB6818 /* cell_disease_laotou_button.png */,
				7046ACF71C97E5D700BB6818 /* cell_disease_nanke_button.png */,
				7046ACF81C97E5D700BB6818 /* cell_disease_pifuke_button.png */,
				7046ACF91C97E5D700BB6818 /* cell_disease_yinanzazheng_button.png */,
				7046ACFA1C97E5D700BB6818 /* cell_health_main_button.png */,
				7046ACFB1C97E5D700BB6818 /* cell_health_more_button.png */,
				7046ACFC1C97E5D700BB6818 /* cell_health_title_button.png */,
				7046ACFD1C97E5D700BB6818 /* cell_person_hejiazhen_button.png */,
				7046ACFE1C97E5D700BB6818 /* cell_person_more_button.png */,
				7046ADA11CA0168500BB6818 /* cell_person_title_button.png */,
				7046ACFF1C97E5D700BB6818 /* cell_person_songshihua_button.png */,
				7046AD001C97E5D700BB6818 /* cell_person_youweiping_button.png */,
				7046AD011C97E5D700BB6818 /* cell_studio_main_button.png */,
				7046AD021C97E5D700BB6818 /* cell_studio_more_button.png */,
				7046AD031C97E5D700BB6818 /* cell_studio_title_button.png */,
				7046AD041C97E5D700BB6818 /* guideview1.jpg */,
				7046AD051C97E5D700BB6818 /* guideview2.jpg */,
				7046AD061C97E5D700BB6818 /* guideview3.jpg */,
				7046AD071C97E5D700BB6818 /* info_scrollview1.jpg */,
				7046AD081C97E5D700BB6818 /* info_scrollview2.jpg */,
				7046AD091C97E5D700BB6818 /* info_scrollview3.jpg */,
				7046AD0A1C97E5D700BB6818 /* navbar_left_item.png */,
				7046AD0B1C97E5D700BB6818 /* navbar_right_item.png */,
				7046AD0C1C97E5D700BB6818 /* tabbar_info_normal.png */,
				7046AD0D1C97E5D700BB6818 /* tabbar_info_selected.png */,
				7046AD0E1C97E5D700BB6818 /* tabbar_mine_normal.png */,
				7046AD0F1C97E5D700BB6818 /* tabbar_mine_selected.png */,
				7046AD101C97E5D700BB6818 /* tabbar_search_normal.png */,
				7046AD111C97E5D700BB6818 /* tabbar_search_selected.png */,
				7046AD121C97E5D700BB6818 /* tabbar_test_normal.png */,
				7046AD131C97E5D700BB6818 /* tabbar_test_selected.png */,
			);
			path = Images;
			sourceTree = "<group>";
		};
		70265CAB1C858B950091C01F /* Macros */ = {
			isa = PBXGroup;
			children = (
				70A9BD1C1C86BB730035B5E0 /* Macro.h */,
				7046AD7C1C9BB4C200BB6818 /* CommonMacro.h */,
				70A9BD1D1C86BBA60035B5E0 /* DimensMacro.h */,
				70A9BD1E1C86BBBB0035B5E0 /* PathMacro.h */,
				70A9BD1F1C86BBC90035B5E0 /* UtilsMacro.h */,
				70A9BD201C86BBDC0035B5E0 /* NotificationMacro.h */,
				70A9BD211C86BBEC0035B5E0 /* APIStringMacro.h */,
			);
			path = Macros;
			sourceTree = "<group>";
		};
		70265CAC1C858C0A0091C01F /* Info */ = {
			isa = PBXGroup;
			children = (
				7046AD901C9FD29300BB6818 /* InfoMain */,
				7046AD911C9FD29E00BB6818 /* InfoDisease */,
				7046AD921C9FD2AB00BB6818 /* InfoHealth */,
				7046AD931C9FD2B400BB6818 /* InfoStudio */,
				7046AD941C9FD2BC00BB6818 /* InfoPerson */,
			);
			path = Info;
			sourceTree = "<group>";
		};
		70265CAE1C858DF80091C01F /* Search */ = {
			isa = PBXGroup;
			children = (
				7029398D1C9273E4008280E2 /* SearchViewController.h */,
				7029398E1C9273E4008280E2 /* SearchViewController.m */,
			);
			path = Search;
			sourceTree = "<group>";
		};
		70265CAF1C85915C0091C01F /* Mine */ = {
			isa = PBXGroup;
			children = (
				702939901C9273FA008280E2 /* MineViewController.h */,
				702939911C9273FA008280E2 /* MineViewController.m */,
			);
			path = Mine;
			sourceTree = "<group>";
		};
		702939531C8EC692008280E2 /* JPush */ = {
			isa = PBXGroup;
			children = (
				702939841C9271EC008280E2 /* jpush-ios-2.1.0.a */,
				702939851C9271EC008280E2 /* JPUSHService.h */,
			);
			path = JPush;
			sourceTree = "<group>";
		};
		7029396E1C916B90008280E2 /* Guide */ = {
			isa = PBXGroup;
			children = (
				702939721C916D21008280E2 /* GuideViewController.h */,
				702939731C916D21008280E2 /* GuideViewController.m */,
			);
			path = Guide;
			sourceTree = "<group>";
		};
		702939831C925FF9008280E2 /* Login */ = {
			isa = PBXGroup;
			children = (
				7046AD681C99C42E00BB6818 /* YJSegmentedControl.h */,
				7046AD691C99C42E00BB6818 /* YJSegmentedControl.m */,
				7046AD601C99956400BB6818 /* LoginViewController.h */,
				7046AD891C9F1FAC00BB6818 /* LoginViewController.m */,
				7046AD791C9A5CAE00BB6818 /* AgreementViewController.h */,
				7046AD7A1C9A5CAE00BB6818 /* AgreementViewController.m */,
				7046AD7D1C9BD29200BB6818 /* LoginModel.h */,
				7046AD7E1C9BD29200BB6818 /* LoginModel.m */,
				7046AD861C9F1D2900BB6818 /* LoginRequestDelegate.h */,
				7046AD871C9F1D2900BB6818 /* LoginRequestDelegate.m */,
			);
			path = Login;
			sourceTree = "<group>";
		};
		702939991C929E03008280E2 /* Controller */ = {
			isa = PBXGroup;
			children = (
				702939871C9273C4008280E2 /* InfoViewController.h */,
				702939881C9273C4008280E2 /* InfoViewController.m */,
				7046AD381C98107F00BB6818 /* ScanViewController.h */,
				7046AD391C98107F00BB6818 /* ScanViewController.m */,
			);
			path = Controller;
			sourceTree = "<group>";
		};
		7029399A1C929E14008280E2 /* Model */ = {
			isa = PBXGroup;
			children = (
				707E5BBA1C96C01B00101B30 /* DiseaseData.h */,
				707E5BBB1C96C01B00101B30 /* DiseaseData.m */,
				707E5BBD1C96C02D00101B30 /* HealthData.h */,
				707E5BBE1C96C02D00101B30 /* HealthData.m */,
				707E5BC01C96C03A00101B30 /* StudioData.h */,
				707E5BC11C96C03A00101B30 /* StudioData.m */,
				707E5BC31C96C04D00101B30 /* PersonData.h */,
				707E5BC41C96C04D00101B30 /* PersonData.m */,
			);
			path = Model;
			sourceTree = "<group>";
		};
		7029399B1C929E1C008280E2 /* View */ = {
			isa = PBXGroup;
			children = (
				7046AC791C97640A00BB6818 /* DiseaseTableCell.h */,
				7046AC7A1C97640A00BB6818 /* DiseaseTableCell.m */,
				7046AC7B1C97640A00BB6818 /* DiseaseTableCell.xib */,
				707E5BB71C96A67E00101B30 /* InfoHeaderView.h */,
				707E5BB81C96A67E00101B30 /* InfoHeaderView.m */,
				7046AC6A1C974C5100BB6818 /* HealthTableCell.h */,
				7046AC6B1C974C5100BB6818 /* HealthTableCell.m */,
				7046AC6C1C974C5100BB6818 /* HealthTableCell.xib */,
				7046AC6F1C974C7E00BB6818 /* StudioTableCell.h */,
				7046AC701C974C7E00BB6818 /* StudioTableCell.m */,
				7046AC711C974C7E00BB6818 /* StudioTableCell.xib */,
				7046AC741C974C9F00BB6818 /* PersonTableCell.h */,
				7046AC751C974C9F00BB6818 /* PersonTableCell.m */,
				7046AC761C974C9F00BB6818 /* PersonTableCell.xib */,
			);
			path = View;
			sourceTree = "<group>";
		};
		7046AD5C1C99900100BB6818 /* Test */ = {
			isa = PBXGroup;
			children = (
				7046AD5D1C99902500BB6818 /* TestViewController.h */,
				7046AD5E1C99902500BB6818 /* TestViewController.m */,
			);
			path = Test;
			sourceTree = "<group>";
		};
		7046AD901C9FD29300BB6818 /* InfoMain */ = {
			isa = PBXGroup;
			children = (
				7029399B1C929E1C008280E2 /* View */,
				7029399A1C929E14008280E2 /* Model */,
				702939991C929E03008280E2 /* Controller */,
			);
			path = InfoMain;
			sourceTree = "<group>";
		};
		7046AD911C9FD29E00BB6818 /* InfoDisease */ = {
			isa = PBXGroup;
			children = (
				7046AD971C9FD2EA00BB6818 /* View */,
				7046AD961C9FD2E500BB6818 /* Model */,
				7046AD951C9FD2DE00BB6818 /* Controller */,
			);
			path = InfoDisease;
			sourceTree = "<group>";
		};
		7046AD921C9FD2AB00BB6818 /* InfoHealth */ = {
			isa = PBXGroup;
			children = (
				7046AD9A1C9FD30700BB6818 /* View */,
				7046AD991C9FD30000BB6818 /* Model */,
				7046AD981C9FD2F800BB6818 /* Controller */,
			);
			path = InfoHealth;
			sourceTree = "<group>";
		};
		7046AD931C9FD2B400BB6818 /* InfoStudio */ = {
			isa = PBXGroup;
			children = (
				7046AD9D1C9FD31A00BB6818 /* View */,
				7046AD9C1C9FD31300BB6818 /* Model */,
				7046AD9B1C9FD30C00BB6818 /* Controller */,
			);
			path = InfoStudio;
			sourceTree = "<group>";
		};
		7046AD941C9FD2BC00BB6818 /* InfoPerson */ = {
			isa = PBXGroup;
			children = (
				7046ADA01C9FD32B00BB6818 /* View */,
				7046AD9F1C9FD32700BB6818 /* Model */,
				7046AD9E1C9FD32100BB6818 /* Controller */,
			);
			path = InfoPerson;
			sourceTree = "<group>";
		};
		7046AD951C9FD2DE00BB6818 /* Controller */ = {
			isa = PBXGroup;
			children = (
			);
			name = Controller;
			sourceTree = "<group>";
		};
		7046AD961C9FD2E500BB6818 /* Model */ = {
			isa = PBXGroup;
			children = (
			);
			name = Model;
			sourceTree = "<group>";
		};
		7046AD971C9FD2EA00BB6818 /* View */ = {
			isa = PBXGroup;
			children = (
			);
			name = View;
			sourceTree = "<group>";
		};
		7046AD981C9FD2F800BB6818 /* Controller */ = {
			isa = PBXGroup;
			children = (
			);
			name = Controller;
			sourceTree = "<group>";
		};
		7046AD991C9FD30000BB6818 /* Model */ = {
			isa = PBXGroup;
			children = (
			);
			name = Model;
			sourceTree = "<group>";
		};
		7046AD9A1C9FD30700BB6818 /* View */ = {
			isa = PBXGroup;
			children = (
			);
			name = View;
			sourceTree = "<group>";
		};
		7046AD9B1C9FD30C00BB6818 /* Controller */ = {
			isa = PBXGroup;
			children = (
			);
			name = Controller;
			sourceTree = "<group>";
		};
		7046AD9C1C9FD31300BB6818 /* Model */ = {
			isa = PBXGroup;
			children = (
			);
			name = Model;
			sourceTree = "<group>";
		};
		7046AD9D1C9FD31A00BB6818 /* View */ = {
			isa = PBXGroup;
			children = (
			);
			name = View;
			sourceTree = "<group>";
		};
		7046AD9E1C9FD32100BB6818 /* Controller */ = {
			isa = PBXGroup;
			children = (
			);
			name = Controller;
			sourceTree = "<group>";
		};
		7046AD9F1C9FD32700BB6818 /* Model */ = {
			isa = PBXGroup;
			children = (
			);
			name = Model;
			sourceTree = "<group>";
		};
		7046ADA01C9FD32B00BB6818 /* View */ = {
			isa = PBXGroup;
			children = (
			);
			name = View;
			sourceTree = "<group>";
		};
		70D375851C8D104D00AEA093 /* Categories */ = {
			isa = PBXGroup;
			children = (
				702938FC1C8D16BE008280E2 /* UIColor+Extension.h */,
				702938FD1C8D16BE008280E2 /* UIColor+Extension.m */,
				702938FF1C8D1754008280E2 /* UILabel+Extension.h */,
				702939001C8D1754008280E2 /* UILabel+Extension.m */,
				702939021C8D177C008280E2 /* UITextField+Extension.h */,
				702939031C8D177C008280E2 /* UITextField+Extension.m */,
				702939051C8D1795008280E2 /* UIImageView+Extension.h */,
				702939061C8D1795008280E2 /* UIImageView+Extension.m */,
				702939081C8D17F3008280E2 /* UIButton+Extension.h */,
				702939091C8D17F3008280E2 /* UIButton+Extension.m */,
				7029390B1C8D1809008280E2 /* UIBarButtonItem+Extension.h */,
				7029390C1C8D1809008280E2 /* UIBarButtonItem+Extension.m */,
				7029390E1C8D184A008280E2 /* UIView+Extension.h */,
				7029390F1C8D184A008280E2 /* UIView+Extension.m */,
			);
			path = Categories;
			sourceTree = "<group>";
		};
		8D99F46D261353D0951BA99F /* Pods */ = {
			isa = PBXGroup;
			children = (
				44E7BFAA0341B176F5A14DA8 /* Pods.debug.xcconfig */,
				9F46B65898D5DC530D828292 /* Pods.release.xcconfig */,
			);
			name = Pods;
			sourceTree = "<group>";
		};
		FDDF907A0C5E47401071325B /* Frameworks */ = {
			isa = PBXGroup;
			children = (
				702939671C8EC73F008280E2 /* libz.tbd */,
				702939651C8EC735008280E2 /* Security.framework */,
				702939631C8EC72C008280E2 /* UIKit.framework */,
				702939611C8EC723008280E2 /* Foundation.framework */,
				7029395F1C8EC718008280E2 /* CoreGraphics.framework */,
				7029395D1C8EC70F008280E2 /* SystemConfiguration.framework */,
				7029395B1C8EC706008280E2 /* CoreTelephony.framework */,
				702939591C8EC6FB008280E2 /* CoreFoundation.framework */,
				702939571C8EC6F1008280E2 /* CFNetwork.framework */,
				702939191C8E9774008280E2 /* jpush-ios-2.1.0.a */,
				702939111C8D5C38008280E2 /* CoreLocation.framework */,
				B22389C9580CCA6DA815ABF9 /* libPods.a */,
			);
			name = Frameworks;
			sourceTree = "<group>";
		};
/* End PBXGroup section */

/* Begin PBXNativeTarget section */
		70265C6E1C858AA50091C01F /* patient */ = {
			isa = PBXNativeTarget;
			buildConfigurationList = 70265C9C1C858AA50091C01F /* Build configuration list for PBXNativeTarget "patient" */;
			buildPhases = (
				28A016A40A2CA224E68858B7 /* Check Pods Manifest.lock */,
				70265C6B1C858AA50091C01F /* Sources */,
				70265C6C1C858AA50091C01F /* Frameworks */,
				70265C6D1C858AA50091C01F /* Resources */,
				C3E434AA79C0CB151DED463C /* Embed Pods Frameworks */,
				7D8AEE3FF987B2846A392B7D /* Copy Pods Resources */,
			);
			buildRules = (
			);
			dependencies = (
			);
			name = patient;
			productName = patient;
			productReference = 70265C6F1C858AA50091C01F /* patient.app */;
			productType = "com.apple.product-type.application";
		};
		70265C871C858AA50091C01F /* patientTests */ = {
			isa = PBXNativeTarget;
			buildConfigurationList = 70265C9F1C858AA50091C01F /* Build configuration list for PBXNativeTarget "patientTests" */;
			buildPhases = (
				70265C841C858AA50091C01F /* Sources */,
				70265C851C858AA50091C01F /* Frameworks */,
				70265C861C858AA50091C01F /* Resources */,
			);
			buildRules = (
			);
			dependencies = (
				70265C8A1C858AA50091C01F /* PBXTargetDependency */,
			);
			name = patientTests;
			productName = patientTests;
			productReference = 70265C881C858AA50091C01F /* patientTests.xctest */;
			productType = "com.apple.product-type.bundle.unit-test";
		};
		70265C921C858AA50091C01F /* patientUITests */ = {
			isa = PBXNativeTarget;
			buildConfigurationList = 70265CA21C858AA50091C01F /* Build configuration list for PBXNativeTarget "patientUITests" */;
			buildPhases = (
				70265C8F1C858AA50091C01F /* Sources */,
				70265C901C858AA50091C01F /* Frameworks */,
				70265C911C858AA50091C01F /* Resources */,
			);
			buildRules = (
			);
			dependencies = (
				70265C951C858AA50091C01F /* PBXTargetDependency */,
			);
			name = patientUITests;
			productName = patientUITests;
			productReference = 70265C931C858AA50091C01F /* patientUITests.xctest */;
			productType = "com.apple.product-type.bundle.ui-testing";
		};
/* End PBXNativeTarget section */

/* Begin PBXProject section */
		70265C671C858AA50091C01F /* Project object */ = {
			isa = PBXProject;
			attributes = {
				LastUpgradeCheck = 0720;
				ORGANIZATIONNAME = "Hangzhou Congbao Technology Co.,Ltd.";
				TargetAttributes = {
					70265C6E1C858AA50091C01F = {
						CreatedOnToolsVersion = 7.2.1;
						DevelopmentTeam = ZN45SKWB43;
					};
					70265C871C858AA50091C01F = {
						CreatedOnToolsVersion = 7.2.1;
						TestTargetID = 70265C6E1C858AA50091C01F;
					};
					70265C921C858AA50091C01F = {
						CreatedOnToolsVersion = 7.2.1;
						TestTargetID = 70265C6E1C858AA50091C01F;
					};
				};
			};
			buildConfigurationList = 70265C6A1C858AA50091C01F /* Build configuration list for PBXProject "patient" */;
			compatibilityVersion = "Xcode 3.2";
			developmentRegion = English;
			hasScannedForEncodings = 0;
			knownRegions = (
				en,
				Base,
			);
			mainGroup = 70265C661C858AA50091C01F;
			productRefGroup = 70265C701C858AA50091C01F /* Products */;
			projectDirPath = "";
			projectRoot = "";
			targets = (
				70265C6E1C858AA50091C01F /* patient */,
				70265C871C858AA50091C01F /* patientTests */,
				70265C921C858AA50091C01F /* patientUITests */,
			);
		};
/* End PBXProject section */

/* Begin PBXResourcesBuildPhase section */
		70265C6D1C858AA50091C01F /* Resources */ = {
			isa = PBXResourcesBuildPhase;
			buildActionMask = 2147483647;
			files = (
				7046AD231C97E5D700BB6818 /* cell_studio_title_button.png in Resources */,
				7046AD1B1C97E5D700BB6818 /* cell_health_more_button.png in Resources */,
				7046AD311C97E5D700BB6818 /* tabbar_search_selected.png in Resources */,
				7046AC7D1C97640A00BB6818 /* DiseaseTableCell.xib in Resources */,
				7046AD1D1C97E5D700BB6818 /* cell_person_hejiazhen_button.png in Resources */,
				7046AD1C1C97E5D700BB6818 /* cell_health_title_button.png in Resources */,
				7046AD731C9A426100BB6818 /* login_get_captcha_button.png in Resources */,
				7046AD2E1C97E5D700BB6818 /* tabbar_mine_normal.png in Resources */,
				7046AC781C974C9F00BB6818 /* PersonTableCell.xib in Resources */,
				7046AD321C97E5D700BB6818 /* tabbar_test_normal.png in Resources */,
				7046AD171C97E5D700BB6818 /* cell_disease_nanke_button.png in Resources */,
				7046AD1A1C97E5D700BB6818 /* cell_health_main_button.png in Resources */,
				7046AD141C97E5D700BB6818 /* cell_disease_fuke_button.png in Resources */,
				7046AD191C97E5D700BB6818 /* cell_disease_yinanzazheng_button.png in Resources */,
				7046AD2D1C97E5D700BB6818 /* tabbar_info_selected.png in Resources */,
				7046AD751C9A426100BB6818 /* login_third_login_weibo.png in Resources */,
				7046AD301C97E5D700BB6818 /* tabbar_search_normal.png in Resources */,
				70265C821C858AA50091C01F /* LaunchScreen.storyboard in Resources */,
				7046AD781C9A481C00BB6818 /* login_confirm_login_selected.png in Resources */,
				7046AD2B1C97E5D700BB6818 /* navbar_right_item.png in Resources */,
				7046AD181C97E5D700BB6818 /* cell_disease_pifuke_button.png in Resources */,
				7046AD331C97E5D700BB6818 /* tabbar_test_selected.png in Resources */,
				7046AD261C97E5D700BB6818 /* guideview3.jpg in Resources */,
				7046AD1F1C97E5D700BB6818 /* cell_person_songshihua_button.png in Resources */,
				7046AD521C9869A400BB6818 /* scan_back_image.png in Resources */,
				7046AD531C9869A400BB6818 /* scan_line_image.png in Resources */,
				7046AD221C97E5D700BB6818 /* cell_studio_more_button.png in Resources */,
				7046AD211C97E5D700BB6818 /* cell_studio_main_button.png in Resources */,
				7046AD1E1C97E5D700BB6818 /* cell_person_more_button.png in Resources */,
				7046AD251C97E5D700BB6818 /* guideview2.jpg in Resources */,
				7046AD641C9998FC00BB6818 /* navbar_background_image.png in Resources */,
				7046AD2A1C97E5D700BB6818 /* navbar_left_item.png in Resources */,
				7046AD161C97E5D700BB6818 /* cell_disease_laotou_button.png in Resources */,
				7046AC6E1C974C5100BB6818 /* HealthTableCell.xib in Resources */,
				7046AD2C1C97E5D700BB6818 /* tabbar_info_normal.png in Resources */,
				7046AC731C974C7E00BB6818 /* StudioTableCell.xib in Resources */,
				7046AD281C97E5D700BB6818 /* info_scrollview2.jpg in Resources */,
				7046AD2F1C97E5D700BB6818 /* tabbar_mine_selected.png in Resources */,
				7046AD201C97E5D700BB6818 /* cell_person_youweiping_button.png in Resources */,
				7046AD291C97E5D700BB6818 /* info_scrollview3.jpg in Resources */,
				7046ADA21CA0168500BB6818 /* cell_person_title_button.png in Resources */,
				7046AD241C97E5D700BB6818 /* guideview1.jpg in Resources */,
				70265C7F1C858AA50091C01F /* Assets.xcassets in Resources */,
				7046AD741C9A426100BB6818 /* login_third_login_qq.png in Resources */,
				7046AD371C97E8D300BB6818 /* launchimage.jpg in Resources */,
				7046AD151C97E5D700BB6818 /* cell_disease_guomin_button.png in Resources */,
				7046AD761C9A426100BB6818 /* login_third_login_weixin.png in Resources */,
				7046AD711C9A426100BB6818 /* login_confirm_login_normal.png in Resources */,
				7046AD271C97E5D700BB6818 /* info_scrollview1.jpg in Resources */,
			);
			runOnlyForDeploymentPostprocessing = 0;
		};
		70265C861C858AA50091C01F /* Resources */ = {
			isa = PBXResourcesBuildPhase;
			buildActionMask = 2147483647;
			files = (
			);
			runOnlyForDeploymentPostprocessing = 0;
		};
		70265C911C858AA50091C01F /* Resources */ = {
			isa = PBXResourcesBuildPhase;
			buildActionMask = 2147483647;
			files = (
			);
			runOnlyForDeploymentPostprocessing = 0;
		};
/* End PBXResourcesBuildPhase section */

/* Begin PBXShellScriptBuildPhase section */
		28A016A40A2CA224E68858B7 /* Check Pods Manifest.lock */ = {
			isa = PBXShellScriptBuildPhase;
			buildActionMask = 2147483647;
			files = (
			);
			inputPaths = (
			);
			name = "Check Pods Manifest.lock";
			outputPaths = (
			);
			runOnlyForDeploymentPostprocessing = 0;
			shellPath = /bin/sh;
			shellScript = "diff \"${PODS_ROOT}/../Podfile.lock\" \"${PODS_ROOT}/Manifest.lock\" > /dev/null\nif [[ $? != 0 ]] ; then\n    cat << EOM\nerror: The sandbox is not in sync with the Podfile.lock. Run 'pod install' or update your CocoaPods installation.\nEOM\n    exit 1\nfi\n";
			showEnvVarsInLog = 0;
		};
		7D8AEE3FF987B2846A392B7D /* Copy Pods Resources */ = {
			isa = PBXShellScriptBuildPhase;
			buildActionMask = 2147483647;
			files = (
			);
			inputPaths = (
			);
			name = "Copy Pods Resources";
			outputPaths = (
			);
			runOnlyForDeploymentPostprocessing = 0;
			shellPath = /bin/sh;
			shellScript = "\"${SRCROOT}/Pods/Target Support Files/Pods/Pods-resources.sh\"\n";
			showEnvVarsInLog = 0;
		};
		C3E434AA79C0CB151DED463C /* Embed Pods Frameworks */ = {
			isa = PBXShellScriptBuildPhase;
			buildActionMask = 2147483647;
			files = (
			);
			inputPaths = (
			);
			name = "Embed Pods Frameworks";
			outputPaths = (
			);
			runOnlyForDeploymentPostprocessing = 0;
			shellPath = /bin/sh;
			shellScript = "\"${SRCROOT}/Pods/Target Support Files/Pods/Pods-frameworks.sh\"\n";
			showEnvVarsInLog = 0;
		};
/* End PBXShellScriptBuildPhase section */

/* Begin PBXSourcesBuildPhase section */
		70265C6B1C858AA50091C01F /* Sources */ = {
			isa = PBXSourcesBuildPhase;
			buildActionMask = 2147483647;
			files = (
				707E5B851C9653CF00101B30 /* BaseTableViewCell.m in Sources */,
				7046AD3A1C98107F00BB6818 /* ScanViewController.m in Sources */,
				707E5BC21C96C03A00101B30 /* StudioData.m in Sources */,
				70265C771C858AA50091C01F /* AppDelegate.m in Sources */,
				7046AD8A1C9F1FAC00BB6818 /* LoginViewController.m in Sources */,
				70A9BD161C8686930035B5E0 /* BaseViewController.m in Sources */,
				707E5B9A1C9662EB00101B30 /* BaseCollectionViewController.m in Sources */,
				7046AD7F1C9BD29200BB6818 /* LoginModel.m in Sources */,
				70A9BD3A1C8801A00035B5E0 /* EncyptionUtil.m in Sources */,
				707E5BBF1C96C02D00101B30 /* HealthData.m in Sources */,
				707E5B881C9653FA00101B30 /* BaseView.m in Sources */,
				7046AD881C9F1D2900BB6818 /* LoginRequestDelegate.m in Sources */,
				702938FE1C8D16BE008280E2 /* UIColor+Extension.m in Sources */,
				702939151C8D5D83008280E2 /* LocationUtil.m in Sources */,
				7029390A1C8D17F3008280E2 /* UIButton+Extension.m in Sources */,
				707E5BC51C96C04D00101B30 /* PersonData.m in Sources */,
				707E5B911C965F7900101B30 /* BaseTableView.m in Sources */,
				7029398F1C9273E4008280E2 /* SearchViewController.m in Sources */,
				707E5B971C9662BD00101B30 /* BaseTableViewController.m in Sources */,
				70265C741C858AA50091C01F /* main.m in Sources */,
				7046AC721C974C7E00BB6818 /* StudioTableCell.m in Sources */,
				702939921C9273FA008280E2 /* MineViewController.m in Sources */,
				707E5B941C965F9B00101B30 /* BaseCollectionView.m in Sources */,
				70A9BD281C87D9DE0035B5E0 /* NetworkMonitorUtil.m in Sources */,
				70265CC11C8595720091C01F /* BaseNaviController.m in Sources */,
				702939011C8D1754008280E2 /* UILabel+Extension.m in Sources */,
				70A9BD3E1C8809160035B5E0 /* GTMBase64.m in Sources */,
				7046AD5F1C99902500BB6818 /* TestViewController.m in Sources */,
				7046AC771C974C9F00BB6818 /* PersonTableCell.m in Sources */,
				7046AD7B1C9A5CAE00BB6818 /* AgreementViewController.m in Sources */,
				70A9BD341C8800A20035B5E0 /* DateUtil.m in Sources */,
				7029390D1C8D1809008280E2 /* UIBarButtonItem+Extension.m in Sources */,
				7046AC6D1C974C5100BB6818 /* HealthTableCell.m in Sources */,
				70A9BD371C88017D0035B5E0 /* AdaptionUtil.m in Sources */,
				702939181C8E677B008280E2 /* AnalyticUtil.m in Sources */,
				707E5BB91C96A67E00101B30 /* InfoHeaderView.m in Sources */,
				707E5B8E1C96545700101B30 /* BaseColletionViewCell.m in Sources */,
				70265CC41C85958C0091C01F /* BaseTabBarController.m in Sources */,
				70A9BD311C87FFDD0035B5E0 /* HudUtil.m in Sources */,
				70A9BD2E1C87FFD00035B5E0 /* AlertUtil.m in Sources */,
				70A9BD251C87C9D90035B5E0 /* NetworkUtil.m in Sources */,
				7046AC7C1C97640A00BB6818 /* DiseaseTableCell.m in Sources */,
				702939891C9273C4008280E2 /* InfoViewController.m in Sources */,
				702939101C8D184A008280E2 /* UIView+Extension.m in Sources */,
				702939071C8D1795008280E2 /* UIImageView+Extension.m in Sources */,
				707E5BBC1C96C01B00101B30 /* DiseaseData.m in Sources */,
				70A9BD2B1C87FF320035B5E0 /* CommonUtil.m in Sources */,
				702939041C8D177C008280E2 /* UITextField+Extension.m in Sources */,
				702939741C916D21008280E2 /* GuideViewController.m in Sources */,
				7046AD6A1C99C42E00BB6818 /* YJSegmentedControl.m in Sources */,
			);
			runOnlyForDeploymentPostprocessing = 0;
		};
		70265C841C858AA50091C01F /* Sources */ = {
			isa = PBXSourcesBuildPhase;
			buildActionMask = 2147483647;
			files = (
				70265C8D1C858AA50091C01F /* patientTests.m in Sources */,
			);
			runOnlyForDeploymentPostprocessing = 0;
		};
		70265C8F1C858AA50091C01F /* Sources */ = {
			isa = PBXSourcesBuildPhase;
			buildActionMask = 2147483647;
			files = (
				70265C981C858AA50091C01F /* patientUITests.m in Sources */,
			);
			runOnlyForDeploymentPostprocessing = 0;
		};
/* End PBXSourcesBuildPhase section */

/* Begin PBXTargetDependency section */
		70265C8A1C858AA50091C01F /* PBXTargetDependency */ = {
			isa = PBXTargetDependency;
			target = 70265C6E1C858AA50091C01F /* patient */;
			targetProxy = 70265C891C858AA50091C01F /* PBXContainerItemProxy */;
		};
		70265C951C858AA50091C01F /* PBXTargetDependency */ = {
			isa = PBXTargetDependency;
			target = 70265C6E1C858AA50091C01F /* patient */;
			targetProxy = 70265C941C858AA50091C01F /* PBXContainerItemProxy */;
		};
/* End PBXTargetDependency section */

/* Begin PBXVariantGroup section */
		70265C801C858AA50091C01F /* LaunchScreen.storyboard */ = {
			isa = PBXVariantGroup;
			children = (
				70265C811C858AA50091C01F /* Base */,
			);
			name = LaunchScreen.storyboard;
			sourceTree = "<group>";
		};
/* End PBXVariantGroup section */

/* Begin XCBuildConfiguration section */
		70265C9A1C858AA50091C01F /* Debug */ = {
			isa = XCBuildConfiguration;
			buildSettings = {
				ALWAYS_SEARCH_USER_PATHS = NO;
				CLANG_CXX_LANGUAGE_STANDARD = "gnu++0x";
				CLANG_CXX_LIBRARY = "libc++";
				CLANG_ENABLE_MODULES = YES;
				CLANG_ENABLE_OBJC_ARC = YES;
				CLANG_WARN_BOOL_CONVERSION = YES;
				CLANG_WARN_CONSTANT_CONVERSION = YES;
				CLANG_WARN_DIRECT_OBJC_ISA_USAGE = YES_ERROR;
				CLANG_WARN_EMPTY_BODY = YES;
				CLANG_WARN_ENUM_CONVERSION = YES;
				CLANG_WARN_INT_CONVERSION = YES;
				CLANG_WARN_OBJC_ROOT_CLASS = YES_ERROR;
				CLANG_WARN_UNREACHABLE_CODE = YES;
				CLANG_WARN__DUPLICATE_METHOD_MATCH = YES;
				"CODE_SIGN_IDENTITY[sdk=iphoneos*]" = "iPhone Developer";
				COPY_PHASE_STRIP = NO;
				DEBUG_INFORMATION_FORMAT = dwarf;
				ENABLE_STRICT_OBJC_MSGSEND = YES;
				ENABLE_TESTABILITY = YES;
				GCC_C_LANGUAGE_STANDARD = gnu99;
				GCC_DYNAMIC_NO_PIC = NO;
				GCC_NO_COMMON_BLOCKS = YES;
				GCC_OPTIMIZATION_LEVEL = 0;
				GCC_PREPROCESSOR_DEFINITIONS = (
					"DEBUG=1",
					"$(inherited)",
				);
				GCC_WARN_64_TO_32_BIT_CONVERSION = YES;
				GCC_WARN_ABOUT_RETURN_TYPE = YES_ERROR;
				GCC_WARN_UNDECLARED_SELECTOR = YES;
				GCC_WARN_UNINITIALIZED_AUTOS = YES_AGGRESSIVE;
				GCC_WARN_UNUSED_FUNCTION = YES;
				GCC_WARN_UNUSED_VARIABLE = YES;
				IPHONEOS_DEPLOYMENT_TARGET = 9.2;
				MTL_ENABLE_DEBUG_INFO = YES;
				ONLY_ACTIVE_ARCH = YES;
				SDKROOT = iphoneos;
			};
			name = Debug;
		};
		70265C9B1C858AA50091C01F /* Release */ = {
			isa = XCBuildConfiguration;
			buildSettings = {
				ALWAYS_SEARCH_USER_PATHS = NO;
				CLANG_CXX_LANGUAGE_STANDARD = "gnu++0x";
				CLANG_CXX_LIBRARY = "libc++";
				CLANG_ENABLE_MODULES = YES;
				CLANG_ENABLE_OBJC_ARC = YES;
				CLANG_WARN_BOOL_CONVERSION = YES;
				CLANG_WARN_CONSTANT_CONVERSION = YES;
				CLANG_WARN_DIRECT_OBJC_ISA_USAGE = YES_ERROR;
				CLANG_WARN_EMPTY_BODY = YES;
				CLANG_WARN_ENUM_CONVERSION = YES;
				CLANG_WARN_INT_CONVERSION = YES;
				CLANG_WARN_OBJC_ROOT_CLASS = YES_ERROR;
				CLANG_WARN_UNREACHABLE_CODE = YES;
				CLANG_WARN__DUPLICATE_METHOD_MATCH = YES;
				"CODE_SIGN_IDENTITY[sdk=iphoneos*]" = "iPhone Developer";
				COPY_PHASE_STRIP = NO;
				DEBUG_INFORMATION_FORMAT = "dwarf-with-dsym";
				ENABLE_NS_ASSERTIONS = NO;
				ENABLE_STRICT_OBJC_MSGSEND = YES;
				GCC_C_LANGUAGE_STANDARD = gnu99;
				GCC_NO_COMMON_BLOCKS = YES;
				GCC_WARN_64_TO_32_BIT_CONVERSION = YES;
				GCC_WARN_ABOUT_RETURN_TYPE = YES_ERROR;
				GCC_WARN_UNDECLARED_SELECTOR = YES;
				GCC_WARN_UNINITIALIZED_AUTOS = YES_AGGRESSIVE;
				GCC_WARN_UNUSED_FUNCTION = YES;
				GCC_WARN_UNUSED_VARIABLE = YES;
				IPHONEOS_DEPLOYMENT_TARGET = 9.2;
				MTL_ENABLE_DEBUG_INFO = NO;
				SDKROOT = iphoneos;
				VALIDATE_PRODUCT = YES;
			};
			name = Release;
		};
		70265C9D1C858AA50091C01F /* Debug */ = {
			isa = XCBuildConfiguration;
			baseConfigurationReference = 44E7BFAA0341B176F5A14DA8 /* Pods.debug.xcconfig */;
			buildSettings = {
				ASSETCATALOG_COMPILER_APPICON_NAME = AppIcon;
				CODE_SIGN_IDENTITY = "iPhone Developer";
				ENABLE_BITCODE = NO;
				GCC_PREFIX_HEADER = "$(SRCROOT)/patient/Supporting Files/PrefixHeader.pch";
				INFOPLIST_FILE = "patient/Supporting Files/Info.plist";
				IPHONEOS_DEPLOYMENT_TARGET = 7.0;
				LD_RUNPATH_SEARCH_PATHS = "$(inherited) @executable_path/Frameworks";
				LIBRARY_SEARCH_PATHS = (
					"$(inherited)",
					"$(PROJECT_DIR)/Pods/JPush-iOS-SDK/lib",
					"$(PROJECT_DIR)/patient/Vendor/JPush",
				);
				PRODUCT_BUNDLE_IDENTIFIER = com.jiuzhekan.patient666;
				PRODUCT_NAME = "$(TARGET_NAME)";
			};
			name = Debug;
		};
		70265C9E1C858AA50091C01F /* Release */ = {
			isa = XCBuildConfiguration;
			baseConfigurationReference = 9F46B65898D5DC530D828292 /* Pods.release.xcconfig */;
			buildSettings = {
				ASSETCATALOG_COMPILER_APPICON_NAME = AppIcon;
				CODE_SIGN_IDENTITY = "iPhone Developer";
				ENABLE_BITCODE = NO;
				GCC_PREFIX_HEADER = "$(SRCROOT)/patient/Supporting Files/PrefixHeader.pch";
				INFOPLIST_FILE = "patient/Supporting Files/Info.plist";
				IPHONEOS_DEPLOYMENT_TARGET = 7.0;
				LD_RUNPATH_SEARCH_PATHS = "$(inherited) @executable_path/Frameworks";
				LIBRARY_SEARCH_PATHS = (
					"$(inherited)",
					"$(PROJECT_DIR)/Pods/JPush-iOS-SDK/lib",
					"$(PROJECT_DIR)/patient/Vendor/JPush",
				);
				PRODUCT_BUNDLE_IDENTIFIER = com.jiuzhekan.patient666;
				PRODUCT_NAME = "$(TARGET_NAME)";
			};
			name = Release;
		};
		70265CA01C858AA50091C01F /* Debug */ = {
			isa = XCBuildConfiguration;
			buildSettings = {
				BUNDLE_LOADER = "$(TEST_HOST)";
				INFOPLIST_FILE = patientTests/Info.plist;
				LD_RUNPATH_SEARCH_PATHS = "$(inherited) @executable_path/Frameworks @loader_path/Frameworks";
				PRODUCT_BUNDLE_IDENTIFIER = com.jiuzhekan.patientTests;
				PRODUCT_NAME = "$(TARGET_NAME)";
				TEST_HOST = "$(BUILT_PRODUCTS_DIR)/patient.app/patient";
			};
			name = Debug;
		};
		70265CA11C858AA50091C01F /* Release */ = {
			isa = XCBuildConfiguration;
			buildSettings = {
				BUNDLE_LOADER = "$(TEST_HOST)";
				INFOPLIST_FILE = patientTests/Info.plist;
				LD_RUNPATH_SEARCH_PATHS = "$(inherited) @executable_path/Frameworks @loader_path/Frameworks";
				PRODUCT_BUNDLE_IDENTIFIER = com.jiuzhekan.patientTests;
				PRODUCT_NAME = "$(TARGET_NAME)";
				TEST_HOST = "$(BUILT_PRODUCTS_DIR)/patient.app/patient";
			};
			name = Release;
		};
		70265CA31C858AA50091C01F /* Debug */ = {
			isa = XCBuildConfiguration;
			buildSettings = {
				INFOPLIST_FILE = patientUITests/Info.plist;
				LD_RUNPATH_SEARCH_PATHS = "$(inherited) @executable_path/Frameworks @loader_path/Frameworks";
				PRODUCT_BUNDLE_IDENTIFIER = com.jiuzhekan.patientUITests;
				PRODUCT_NAME = "$(TARGET_NAME)";
				TEST_TARGET_NAME = patient;
				USES_XCTRUNNER = YES;
			};
			name = Debug;
		};
		70265CA41C858AA50091C01F /* Release */ = {
			isa = XCBuildConfiguration;
			buildSettings = {
				INFOPLIST_FILE = patientUITests/Info.plist;
				LD_RUNPATH_SEARCH_PATHS = "$(inherited) @executable_path/Frameworks @loader_path/Frameworks";
				PRODUCT_BUNDLE_IDENTIFIER = com.jiuzhekan.patientUITests;
				PRODUCT_NAME = "$(TARGET_NAME)";
				TEST_TARGET_NAME = patient;
				USES_XCTRUNNER = YES;
			};
			name = Release;
		};
/* End XCBuildConfiguration section */

/* Begin XCConfigurationList section */
		70265C6A1C858AA50091C01F /* Build configuration list for PBXProject "patient" */ = {
			isa = XCConfigurationList;
			buildConfigurations = (
				70265C9A1C858AA50091C01F /* Debug */,
				70265C9B1C858AA50091C01F /* Release */,
			);
			defaultConfigurationIsVisible = 0;
			defaultConfigurationName = Release;
		};
		70265C9C1C858AA50091C01F /* Build configuration list for PBXNativeTarget "patient" */ = {
			isa = XCConfigurationList;
			buildConfigurations = (
				70265C9D1C858AA50091C01F /* Debug */,
				70265C9E1C858AA50091C01F /* Release */,
			);
			defaultConfigurationIsVisible = 0;
			defaultConfigurationName = Release;
		};
		70265C9F1C858AA50091C01F /* Build configuration list for PBXNativeTarget "patientTests" */ = {
			isa = XCConfigurationList;
			buildConfigurations = (
				70265CA01C858AA50091C01F /* Debug */,
				70265CA11C858AA50091C01F /* Release */,
			);
			defaultConfigurationIsVisible = 0;
			defaultConfigurationName = Release;
		};
		70265CA21C858AA50091C01F /* Build configuration list for PBXNativeTarget "patientUITests" */ = {
			isa = XCConfigurationList;
			buildConfigurations = (
				70265CA31C858AA50091C01F /* Debug */,
				70265CA41C858AA50091C01F /* Release */,
			);
			defaultConfigurationIsVisible = 0;
			defaultConfigurationName = Release;
		};
/* End XCConfigurationList section */
	};
	rootObject = 70265C671C858AA50091C01F /* Project object */;
}
